// !$*UTF8*$!
{
	archiveVersion = 1;
	classes = {
	};
	objectVersion = 46;
	objects = {

/* Begin PBXBuildFile section */
		2D23548D1F289AED00A93726 /* MenuTableViewCell.m in Sources */ = {isa = PBXBuildFile; fileRef = 2D23548B1F289AED00A93726 /* MenuTableViewCell.m */; };
		2D23548E1F289AED00A93726 /* MenuTableViewCell.xib in Resources */ = {isa = PBXBuildFile; fileRef = 2D23548C1F289AED00A93726 /* MenuTableViewCell.xib */; };
		2D2354921F289EDA00A93726 /* MenuTableViewCell2.m in Sources */ = {isa = PBXBuildFile; fileRef = 2D2354901F289EDA00A93726 /* MenuTableViewCell2.m */; };
		2D2354931F289EDA00A93726 /* MenuTableViewCell2.xib in Resources */ = {isa = PBXBuildFile; fileRef = 2D2354911F289EDA00A93726 /* MenuTableViewCell2.xib */; };
		2D23549A1F29865800A93726 /* CompanyViewController.m in Sources */ = {isa = PBXBuildFile; fileRef = 2D2354981F29865800A93726 /* CompanyViewController.m */; };
		2D23549F1F29866900A93726 /* JoinusViewController.m in Sources */ = {isa = PBXBuildFile; fileRef = 2D23549D1F29866900A93726 /* JoinusViewController.m */; };
		2D2354A01F29866900A93726 /* JoinusViewController.xib in Resources */ = {isa = PBXBuildFile; fileRef = 2D23549E1F29866900A93726 /* JoinusViewController.xib */; };
		2D2354A31F29867700A93726 /* ProductViewController.m in Sources */ = {isa = PBXBuildFile; fileRef = 2D2354A21F29867700A93726 /* ProductViewController.m */; };
		2D2354AB1F298ECB00A93726 /* shopViewController.m in Sources */ = {isa = PBXBuildFile; fileRef = 2D2354A91F298ECB00A93726 /* shopViewController.m */; };
		2D2354AC1F298ECB00A93726 /* shopViewController.xib in Resources */ = {isa = PBXBuildFile; fileRef = 2D2354AA1F298ECB00A93726 /* shopViewController.xib */; };
		2D2354B01F29C1E300A93726 /* MainTableViewCell.m in Sources */ = {isa = PBXBuildFile; fileRef = 2D2354AE1F29C1E300A93726 /* MainTableViewCell.m */; };
		2D2354B11F29C1E300A93726 /* MainTableViewCell.xib in Resources */ = {isa = PBXBuildFile; fileRef = 2D2354AF1F29C1E300A93726 /* MainTableViewCell.xib */; };
		2D2354BF1F29D22C00A93726 /* SearchViewController.m in Sources */ = {isa = PBXBuildFile; fileRef = 2D2354BD1F29D22C00A93726 /* SearchViewController.m */; };
		2D2354C01F29D22C00A93726 /* SearchViewController.xib in Resources */ = {isa = PBXBuildFile; fileRef = 2D2354BE1F29D22C00A93726 /* SearchViewController.xib */; };
		2D2354C41F29D47E00A93726 /* SearchTableViewCell.m in Sources */ = {isa = PBXBuildFile; fileRef = 2D2354C21F29D47E00A93726 /* SearchTableViewCell.m */; };
		2D2354C51F29D47E00A93726 /* SearchTableViewCell.xib in Resources */ = {isa = PBXBuildFile; fileRef = 2D2354C31F29D47E00A93726 /* SearchTableViewCell.xib */; };
		2D2354C91F29DA9A00A93726 /* HTTPRequest.m in Sources */ = {isa = PBXBuildFile; fileRef = 2D2354C81F29DA9A00A93726 /* HTTPRequest.m */; };
		2D2354CD1F29E9F300A93726 /* mainModle.m in Sources */ = {isa = PBXBuildFile; fileRef = 2D2354CC1F29E9F300A93726 /* mainModle.m */; };
		2D599EEA1F2AC9D800A9EF32 /* NSArray+extension.m in Sources */ = {isa = PBXBuildFile; fileRef = 2D599EDB1F2AC9D800A9EF32 /* NSArray+extension.m */; };
		2D599EEB1F2AC9D800A9EF32 /* NSData+extension.m in Sources */ = {isa = PBXBuildFile; fileRef = 2D599EDD1F2AC9D800A9EF32 /* NSData+extension.m */; };
		2D599EEC1F2AC9D800A9EF32 /* NSDate+extension.m in Sources */ = {isa = PBXBuildFile; fileRef = 2D599EDF1F2AC9D800A9EF32 /* NSDate+extension.m */; };
		2D599EED1F2AC9D800A9EF32 /* NSDictionary+extension.m in Sources */ = {isa = PBXBuildFile; fileRef = 2D599EE11F2AC9D800A9EF32 /* NSDictionary+extension.m */; };
		2D599EEE1F2AC9D800A9EF32 /* NSString+extension.m in Sources */ = {isa = PBXBuildFile; fileRef = 2D599EE31F2AC9D800A9EF32 /* NSString+extension.m */; };
		2D599EEF1F2AC9D800A9EF32 /* UIButton+extension.m in Sources */ = {isa = PBXBuildFile; fileRef = 2D599EE51F2AC9D800A9EF32 /* UIButton+extension.m */; };
		2D599EF01F2AC9D800A9EF32 /* UIImage+extension.m in Sources */ = {isa = PBXBuildFile; fileRef = 2D599EE71F2AC9D800A9EF32 /* UIImage+extension.m */; };
		2D599EF11F2AC9D800A9EF32 /* UILabel+extension.m in Sources */ = {isa = PBXBuildFile; fileRef = 2D599EE91F2AC9D800A9EF32 /* UILabel+extension.m */; };
		2D599EF51F2AEA3C00A9EF32 /* companyContentModel.m in Sources */ = {isa = PBXBuildFile; fileRef = 2D599EF41F2AEA3C00A9EF32 /* companyContentModel.m */; };
		2D599EF81F2AF32E00A9EF32 /* companyHeaderModel.m in Sources */ = {isa = PBXBuildFile; fileRef = 2D599EF71F2AF32E00A9EF32 /* companyHeaderModel.m */; };
		2D599F011F2AF6D900A9EF32 /* CompanyHeaderTableViewCell.m in Sources */ = {isa = PBXBuildFile; fileRef = 2D599EFF1F2AF6D900A9EF32 /* CompanyHeaderTableViewCell.m */; };
		2D599F021F2AF6D900A9EF32 /* CompanyHeaderTableViewCell.xib in Resources */ = {isa = PBXBuildFile; fileRef = 2D599F001F2AF6D900A9EF32 /* CompanyHeaderTableViewCell.xib */; };
		2D599F061F2AF8CA00A9EF32 /* companyContentTableViewCell.m in Sources */ = {isa = PBXBuildFile; fileRef = 2D599F041F2AF8CA00A9EF32 /* companyContentTableViewCell.m */; };
		2D599F071F2AF8CA00A9EF32 /* companyContentTableViewCell.xib in Resources */ = {isa = PBXBuildFile; fileRef = 2D599F051F2AF8CA00A9EF32 /* companyContentTableViewCell.xib */; };
		2D599F0B1F2B02CB00A9EF32 /* joinMainModel.m in Sources */ = {isa = PBXBuildFile; fileRef = 2D599F0A1F2B02CB00A9EF32 /* joinMainModel.m */; };
		2D599F0E1F2B05DC00A9EF32 /* joinSubModel.m in Sources */ = {isa = PBXBuildFile; fileRef = 2D599F0D1F2B05DC00A9EF32 /* joinSubModel.m */; };
		2D599F121F2B14F200A9EF32 /* searchModel.m in Sources */ = {isa = PBXBuildFile; fileRef = 2D599F111F2B14F200A9EF32 /* searchModel.m */; };
		2D599F151F2B4D5B00A9EF32 /* subModel2.m in Sources */ = {isa = PBXBuildFile; fileRef = 2D599F141F2B4D5B00A9EF32 /* subModel2.m */; };
		603217061F28E9B1002FD61C /* UIView+ViewController.m in Sources */ = {isa = PBXBuildFile; fileRef = 603217051F28E9B1002FD61C /* UIView+ViewController.m */; };
		6032170A1F28ED97002FD61C /* ChildViewController.m in Sources */ = {isa = PBXBuildFile; fileRef = 603217091F28ED97002FD61C /* ChildViewController.m */; };
		6078A5821F2C922F005FFCF6 /* ShareView.m in Sources */ = {isa = PBXBuildFile; fileRef = 6078A5811F2C922F005FFCF6 /* ShareView.m */; };
		6078A5841F2C9711005FFCF6 /* libsqlite3.tbd in Frameworks */ = {isa = PBXBuildFile; fileRef = 6078A5831F2C9711005FFCF6 /* libsqlite3.tbd */; };
		6078A5861F2C971B005FFCF6 /* CoreGraphics.framework in Frameworks */ = {isa = PBXBuildFile; fileRef = 6078A5851F2C971B005FFCF6 /* CoreGraphics.framework */; };
		6078A5881F2C972D005FFCF6 /* SystemConfiguration.framework in Frameworks */ = {isa = PBXBuildFile; fileRef = 6078A5871F2C972D005FFCF6 /* SystemConfiguration.framework */; };
		6078A58A1F2C9736005FFCF6 /* CoreTelephony.framework in Frameworks */ = {isa = PBXBuildFile; fileRef = 6078A5891F2C9736005FFCF6 /* CoreTelephony.framework */; };
		6078A58C1F2C9763005FFCF6 /* libc++.tbd in Frameworks */ = {isa = PBXBuildFile; fileRef = 6078A58B1F2C9763005FFCF6 /* libc++.tbd */; };
		6078A58E1F2C9B2E005FFCF6 /* libz.tbd in Frameworks */ = {isa = PBXBuildFile; fileRef = 6078A58D1F2C9B2E005FFCF6 /* libz.tbd */; };
		6078A5901F2C9B54005FFCF6 /* CoreData.framework in Frameworks */ = {isa = PBXBuildFile; fileRef = 6078A58F1F2C9B54005FFCF6 /* CoreData.framework */; };
		60AD8BCB1F2CC57C002644E7 /* PickerView.m in Sources */ = {isa = PBXBuildFile; fileRef = 60AD8BCA1F2CC57C002644E7 /* PickerView.m */; };
		60AD8BCE1F2CE6E2002644E7 /* HUDView.m in Sources */ = {isa = PBXBuildFile; fileRef = 60AD8BCD1F2CE6E2002644E7 /* HUDView.m */; };
		60C5324A1F2C59D600E4138B /* ActiveTableViewCell.m in Sources */ = {isa = PBXBuildFile; fileRef = 60C532481F2C59D600E4138B /* ActiveTableViewCell.m */; };
		60C5324B1F2C59D600E4138B /* ActiveTableViewCell.xib in Resources */ = {isa = PBXBuildFile; fileRef = 60C532491F2C59D600E4138B /* ActiveTableViewCell.xib */; };
		60C532501F2C702200E4138B /* ActiveViewController.m in Sources */ = {isa = PBXBuildFile; fileRef = 60C5324E1F2C702200E4138B /* ActiveViewController.m */; };
		60C532511F2C702200E4138B /* ActiveViewController.xib in Resources */ = {isa = PBXBuildFile; fileRef = 60C5324F1F2C702200E4138B /* ActiveViewController.xib */; };
		60EF76EF1F27931D005E3A6E /* main.m in Sources */ = {isa = PBXBuildFile; fileRef = 60EF76EE1F27931D005E3A6E /* main.m */; };
		60EF76F21F27931D005E3A6E /* AppDelegate.m in Sources */ = {isa = PBXBuildFile; fileRef = 60EF76F11F27931D005E3A6E /* AppDelegate.m */; };
		60EF76F51F27931D005E3A6E /* ViewController.m in Sources */ = {isa = PBXBuildFile; fileRef = 60EF76F41F27931D005E3A6E /* ViewController.m */; };
		60EF76F81F27931D005E3A6E /* Main.storyboard in Resources */ = {isa = PBXBuildFile; fileRef = 60EF76F61F27931D005E3A6E /* Main.storyboard */; };
		60EF76FA1F27931D005E3A6E /* Assets.xcassets in Resources */ = {isa = PBXBuildFile; fileRef = 60EF76F91F27931D005E3A6E /* Assets.xcassets */; };
		60EF76FD1F27931D005E3A6E /* LaunchScreen.storyboard in Resources */ = {isa = PBXBuildFile; fileRef = 60EF76FB1F27931D005E3A6E /* LaunchScreen.storyboard */; };
		60EF77081F27931D005E3A6E /* HARMAY_PI_BRANDTests.m in Sources */ = {isa = PBXBuildFile; fileRef = 60EF77071F27931D005E3A6E /* HARMAY_PI_BRANDTests.m */; };
		60EF77131F27931D005E3A6E /* HARMAY_PI_BRANDUITests.m in Sources */ = {isa = PBXBuildFile; fileRef = 60EF77121F27931D005E3A6E /* HARMAY_PI_BRANDUITests.m */; };
		60EF77261F279C2E005E3A6E /* MainViewController.m in Sources */ = {isa = PBXBuildFile; fileRef = 60EF77241F279C2E005E3A6E /* MainViewController.m */; };
		60EF77271F279C2E005E3A6E /* MainViewController.xib in Resources */ = {isa = PBXBuildFile; fileRef = 60EF77251F279C2E005E3A6E /* MainViewController.xib */; };
		60EF772B1F279C3F005E3A6E /* MenuViewController.m in Sources */ = {isa = PBXBuildFile; fileRef = 60EF77291F279C3F005E3A6E /* MenuViewController.m */; };
		60EF772C1F279C3F005E3A6E /* MenuViewController.xib in Resources */ = {isa = PBXBuildFile; fileRef = 60EF772A1F279C3F005E3A6E /* MenuViewController.xib */; };
		60EF77341F279D77005E3A6E /* BaseNavigationController.m in Sources */ = {isa = PBXBuildFile; fileRef = 60EF772F1F279D77005E3A6E /* BaseNavigationController.m */; };
		60EF77351F279D77005E3A6E /* BaseTabBarController.m in Sources */ = {isa = PBXBuildFile; fileRef = 60EF77311F279D77005E3A6E /* BaseTabBarController.m */; };
		60EF77361F279D77005E3A6E /* BaseViewController.m in Sources */ = {isa = PBXBuildFile; fileRef = 60EF77331F279D77005E3A6E /* BaseViewController.m */; };
		60EF77411F28E340005E3A6E /* WebViewController.m in Sources */ = {isa = PBXBuildFile; fileRef = 60EF77401F28E340005E3A6E /* WebViewController.m */; };
		927CDED31F29C64300399AA6 /* JoinusViewCellCell.m in Sources */ = {isa = PBXBuildFile; fileRef = 927CDED11F29C64300399AA6 /* JoinusViewCellCell.m */; };
		927CDED41F29C64300399AA6 /* JoinusViewCellCell.xib in Resources */ = {isa = PBXBuildFile; fileRef = 927CDED21F29C64300399AA6 /* JoinusViewCellCell.xib */; };
		927CDED81F29DF9F00399AA6 /* JoinusViewCell.m in Sources */ = {isa = PBXBuildFile; fileRef = 927CDED61F29DF9F00399AA6 /* JoinusViewCell.m */; };
		927CDED91F29DF9F00399AA6 /* JoinusViewCell.xib in Resources */ = {isa = PBXBuildFile; fileRef = 927CDED71F29DF9F00399AA6 /* JoinusViewCell.xib */; };
		92883DCC1F2AC2C000FCA7BC /* NSString+XLSegmentModelPrtol.m in Sources */ = {isa = PBXBuildFile; fileRef = 92883DC41F2AC2C000FCA7BC /* NSString+XLSegmentModelPrtol.m */; };
		92883DCD1F2AC2C000FCA7BC /* XLSegmentBar.m in Sources */ = {isa = PBXBuildFile; fileRef = 92883DC61F2AC2C000FCA7BC /* XLSegmentBar.m */; };
		92883DCE1F2AC2C000FCA7BC /* XLConst.m in Sources */ = {isa = PBXBuildFile; fileRef = 92883DC91F2AC2C000FCA7BC /* XLConst.m */; };
		92883DCF1F2AC2C000FCA7BC /* XLScrollView.m in Sources */ = {isa = PBXBuildFile; fileRef = 92883DCB1F2AC2C000FCA7BC /* XLScrollView.m */; };
		92883DD21F2AC3A200FCA7BC /* UIViewController+XLScroll.m in Sources */ = {isa = PBXBuildFile; fileRef = 92883DD11F2AC3A200FCA7BC /* UIViewController+XLScroll.m */; };
		92883DDA1F2AC3E700FCA7BC /* Product1TableViewController.m in Sources */ = {isa = PBXBuildFile; fileRef = 92883DD91F2AC3E700FCA7BC /* Product1TableViewController.m */; };
		92883DDD1F2AC3F300FCA7BC /* Product2TableViewController.m in Sources */ = {isa = PBXBuildFile; fileRef = 92883DDC1F2AC3F300FCA7BC /* Product2TableViewController.m */; };
		92883DE01F2AC3FA00FCA7BC /* Product3TableViewController.m in Sources */ = {isa = PBXBuildFile; fileRef = 92883DDF1F2AC3FA00FCA7BC /* Product3TableViewController.m */; };
		92883DE41F2AD52300FCA7BC /* Product1Cell.m in Sources */ = {isa = PBXBuildFile; fileRef = 92883DE21F2AD52300FCA7BC /* Product1Cell.m */; };
		92883DE51F2AD52300FCA7BC /* Product1Cell.xib in Resources */ = {isa = PBXBuildFile; fileRef = 92883DE31F2AD52300FCA7BC /* Product1Cell.xib */; };
		92883DE91F2AD53700FCA7BC /* Product2Cell.m in Sources */ = {isa = PBXBuildFile; fileRef = 92883DE71F2AD53700FCA7BC /* Product2Cell.m */; };
		92883DEA1F2AD53700FCA7BC /* Product2Cell.xib in Resources */ = {isa = PBXBuildFile; fileRef = 92883DE81F2AD53700FCA7BC /* Product2Cell.xib */; };
		92883DEE1F2AD54D00FCA7BC /* Product3Cell.m in Sources */ = {isa = PBXBuildFile; fileRef = 92883DEC1F2AD54D00FCA7BC /* Product3Cell.m */; };
		92883DEF1F2AD54D00FCA7BC /* Product3Cell.xib in Resources */ = {isa = PBXBuildFile; fileRef = 92883DED1F2AD54D00FCA7BC /* Product3Cell.xib */; };
		92883DF21F2B337500FCA7BC /* SubCompanyViewController1.m in Sources */ = {isa = PBXBuildFile; fileRef = 92883DF11F2B337500FCA7BC /* SubCompanyViewController1.m */; };
		92883DF51F2B338D00FCA7BC /* SubCompanyViewController2.m in Sources */ = {isa = PBXBuildFile; fileRef = 92883DF41F2B338D00FCA7BC /* SubCompanyViewController2.m */; };
		B07A01F0967781E9A1B7AA41 /* libPods-HARMAY_PI_BRAND.a in Frameworks */ = {isa = PBXBuildFile; fileRef = 9256868CD00094289173861A /* libPods-HARMAY_PI_BRAND.a */; };
/* End PBXBuildFile section */

/* Begin PBXContainerItemProxy section */
		60EF77041F27931D005E3A6E /* PBXContainerItemProxy */ = {
			isa = PBXContainerItemProxy;
			containerPortal = 60EF76E21F27931C005E3A6E /* Project object */;
			proxyType = 1;
			remoteGlobalIDString = 60EF76E91F27931C005E3A6E;
			remoteInfo = HARMAY_PI_BRAND;
		};
		60EF770F1F27931D005E3A6E /* PBXContainerItemProxy */ = {
			isa = PBXContainerItemProxy;
			containerPortal = 60EF76E21F27931C005E3A6E /* Project object */;
			proxyType = 1;
			remoteGlobalIDString = 60EF76E91F27931C005E3A6E;
			remoteInfo = HARMAY_PI_BRAND;
		};
/* End PBXContainerItemProxy section */

/* Begin PBXFileReference section */
		2A57B0F5FE8BB46D3DD57982 /* Pods-HARMAY_PI_BRAND.release.xcconfig */ = {isa = PBXFileReference; includeInIndex = 1; lastKnownFileType = text.xcconfig; name = "Pods-HARMAY_PI_BRAND.release.xcconfig"; path = "Pods/Target Support Files/Pods-HARMAY_PI_BRAND/Pods-HARMAY_PI_BRAND.release.xcconfig"; sourceTree = "<group>"; };
		2D2354811F2890A700A93726 /* DefineClass.h */ = {isa = PBXFileReference; fileEncoding = 4; lastKnownFileType = sourcecode.c.h; path = DefineClass.h; sourceTree = "<group>"; };
		2D23548A1F289AED00A93726 /* MenuTableViewCell.h */ = {isa = PBXFileReference; fileEncoding = 4; lastKnownFileType = sourcecode.c.h; path = MenuTableViewCell.h; sourceTree = "<group>"; };
		2D23548B1F289AED00A93726 /* MenuTableViewCell.m */ = {isa = PBXFileReference; fileEncoding = 4; lastKnownFileType = sourcecode.c.objc; path = MenuTableViewCell.m; sourceTree = "<group>"; };
		2D23548C1F289AED00A93726 /* MenuTableViewCell.xib */ = {isa = PBXFileReference; fileEncoding = 4; lastKnownFileType = file.xib; path = MenuTableViewCell.xib; sourceTree = "<group>"; };
		2D23548F1F289EDA00A93726 /* MenuTableViewCell2.h */ = {isa = PBXFileReference; fileEncoding = 4; lastKnownFileType = sourcecode.c.h; path = MenuTableViewCell2.h; sourceTree = "<group>"; };
		2D2354901F289EDA00A93726 /* MenuTableViewCell2.m */ = {isa = PBXFileReference; fileEncoding = 4; lastKnownFileType = sourcecode.c.objc; path = MenuTableViewCell2.m; sourceTree = "<group>"; };
		2D2354911F289EDA00A93726 /* MenuTableViewCell2.xib */ = {isa = PBXFileReference; fileEncoding = 4; lastKnownFileType = file.xib; path = MenuTableViewCell2.xib; sourceTree = "<group>"; };
		2D2354971F29865800A93726 /* CompanyViewController.h */ = {isa = PBXFileReference; fileEncoding = 4; lastKnownFileType = sourcecode.c.h; path = CompanyViewController.h; sourceTree = "<group>"; };
		2D2354981F29865800A93726 /* CompanyViewController.m */ = {isa = PBXFileReference; fileEncoding = 4; lastKnownFileType = sourcecode.c.objc; path = CompanyViewController.m; sourceTree = "<group>"; };
		2D23549C1F29866900A93726 /* JoinusViewController.h */ = {isa = PBXFileReference; fileEncoding = 4; lastKnownFileType = sourcecode.c.h; path = JoinusViewController.h; sourceTree = "<group>"; };
		2D23549D1F29866900A93726 /* JoinusViewController.m */ = {isa = PBXFileReference; fileEncoding = 4; lastKnownFileType = sourcecode.c.objc; path = JoinusViewController.m; sourceTree = "<group>"; };
		2D23549E1F29866900A93726 /* JoinusViewController.xib */ = {isa = PBXFileReference; fileEncoding = 4; lastKnownFileType = file.xib; path = JoinusViewController.xib; sourceTree = "<group>"; };
		2D2354A11F29867700A93726 /* ProductViewController.h */ = {isa = PBXFileReference; fileEncoding = 4; lastKnownFileType = sourcecode.c.h; path = ProductViewController.h; sourceTree = "<group>"; };
		2D2354A21F29867700A93726 /* ProductViewController.m */ = {isa = PBXFileReference; fileEncoding = 4; lastKnownFileType = sourcecode.c.objc; path = ProductViewController.m; sourceTree = "<group>"; };
		2D2354A81F298ECB00A93726 /* shopViewController.h */ = {isa = PBXFileReference; fileEncoding = 4; lastKnownFileType = sourcecode.c.h; path = shopViewController.h; sourceTree = "<group>"; };
		2D2354A91F298ECB00A93726 /* shopViewController.m */ = {isa = PBXFileReference; fileEncoding = 4; lastKnownFileType = sourcecode.c.objc; path = shopViewController.m; sourceTree = "<group>"; };
		2D2354AA1F298ECB00A93726 /* shopViewController.xib */ = {isa = PBXFileReference; fileEncoding = 4; lastKnownFileType = file.xib; path = shopViewController.xib; sourceTree = "<group>"; };
		2D2354AD1F29C1E300A93726 /* MainTableViewCell.h */ = {isa = PBXFileReference; fileEncoding = 4; lastKnownFileType = sourcecode.c.h; path = MainTableViewCell.h; sourceTree = "<group>"; };
		2D2354AE1F29C1E300A93726 /* MainTableViewCell.m */ = {isa = PBXFileReference; fileEncoding = 4; lastKnownFileType = sourcecode.c.objc; path = MainTableViewCell.m; sourceTree = "<group>"; };
		2D2354AF1F29C1E300A93726 /* MainTableViewCell.xib */ = {isa = PBXFileReference; fileEncoding = 4; lastKnownFileType = file.xib; path = MainTableViewCell.xib; sourceTree = "<group>"; };
		2D2354BC1F29D22C00A93726 /* SearchViewController.h */ = {isa = PBXFileReference; fileEncoding = 4; lastKnownFileType = sourcecode.c.h; path = SearchViewController.h; sourceTree = "<group>"; };
		2D2354BD1F29D22C00A93726 /* SearchViewController.m */ = {isa = PBXFileReference; fileEncoding = 4; lastKnownFileType = sourcecode.c.objc; path = SearchViewController.m; sourceTree = "<group>"; };
		2D2354BE1F29D22C00A93726 /* SearchViewController.xib */ = {isa = PBXFileReference; fileEncoding = 4; lastKnownFileType = file.xib; path = SearchViewController.xib; sourceTree = "<group>"; };
		2D2354C11F29D47E00A93726 /* SearchTableViewCell.h */ = {isa = PBXFileReference; fileEncoding = 4; lastKnownFileType = sourcecode.c.h; path = SearchTableViewCell.h; sourceTree = "<group>"; };
		2D2354C21F29D47E00A93726 /* SearchTableViewCell.m */ = {isa = PBXFileReference; fileEncoding = 4; lastKnownFileType = sourcecode.c.objc; path = SearchTableViewCell.m; sourceTree = "<group>"; };
		2D2354C31F29D47E00A93726 /* SearchTableViewCell.xib */ = {isa = PBXFileReference; fileEncoding = 4; lastKnownFileType = file.xib; path = SearchTableViewCell.xib; sourceTree = "<group>"; };
		2D2354C71F29DA9A00A93726 /* HTTPRequest.h */ = {isa = PBXFileReference; fileEncoding = 4; lastKnownFileType = sourcecode.c.h; path = HTTPRequest.h; sourceTree = "<group>"; };
		2D2354C81F29DA9A00A93726 /* HTTPRequest.m */ = {isa = PBXFileReference; fileEncoding = 4; lastKnownFileType = sourcecode.c.objc; path = HTTPRequest.m; sourceTree = "<group>"; };
		2D2354CB1F29E9F300A93726 /* mainModle.h */ = {isa = PBXFileReference; fileEncoding = 4; lastKnownFileType = sourcecode.c.h; path = mainModle.h; sourceTree = "<group>"; };
		2D2354CC1F29E9F300A93726 /* mainModle.m */ = {isa = PBXFileReference; fileEncoding = 4; lastKnownFileType = sourcecode.c.objc; path = mainModle.m; sourceTree = "<group>"; };
		2D599EDA1F2AC9D800A9EF32 /* NSArray+extension.h */ = {isa = PBXFileReference; fileEncoding = 4; lastKnownFileType = sourcecode.c.h; path = "NSArray+extension.h"; sourceTree = "<group>"; };
		2D599EDB1F2AC9D800A9EF32 /* NSArray+extension.m */ = {isa = PBXFileReference; fileEncoding = 4; lastKnownFileType = sourcecode.c.objc; path = "NSArray+extension.m"; sourceTree = "<group>"; };
		2D599EDC1F2AC9D800A9EF32 /* NSData+extension.h */ = {isa = PBXFileReference; fileEncoding = 4; lastKnownFileType = sourcecode.c.h; path = "NSData+extension.h"; sourceTree = "<group>"; };
		2D599EDD1F2AC9D800A9EF32 /* NSData+extension.m */ = {isa = PBXFileReference; fileEncoding = 4; lastKnownFileType = sourcecode.c.objc; path = "NSData+extension.m"; sourceTree = "<group>"; };
		2D599EDE1F2AC9D800A9EF32 /* NSDate+extension.h */ = {isa = PBXFileReference; fileEncoding = 4; lastKnownFileType = sourcecode.c.h; path = "NSDate+extension.h"; sourceTree = "<group>"; };
		2D599EDF1F2AC9D800A9EF32 /* NSDate+extension.m */ = {isa = PBXFileReference; fileEncoding = 4; lastKnownFileType = sourcecode.c.objc; path = "NSDate+extension.m"; sourceTree = "<group>"; };
		2D599EE01F2AC9D800A9EF32 /* NSDictionary+extension.h */ = {isa = PBXFileReference; fileEncoding = 4; lastKnownFileType = sourcecode.c.h; path = "NSDictionary+extension.h"; sourceTree = "<group>"; };
		2D599EE11F2AC9D800A9EF32 /* NSDictionary+extension.m */ = {isa = PBXFileReference; fileEncoding = 4; lastKnownFileType = sourcecode.c.objc; path = "NSDictionary+extension.m"; sourceTree = "<group>"; };
		2D599EE21F2AC9D800A9EF32 /* NSString+extension.h */ = {isa = PBXFileReference; fileEncoding = 4; lastKnownFileType = sourcecode.c.h; path = "NSString+extension.h"; sourceTree = "<group>"; };
		2D599EE31F2AC9D800A9EF32 /* NSString+extension.m */ = {isa = PBXFileReference; fileEncoding = 4; lastKnownFileType = sourcecode.c.objc; path = "NSString+extension.m"; sourceTree = "<group>"; };
		2D599EE41F2AC9D800A9EF32 /* UIButton+extension.h */ = {isa = PBXFileReference; fileEncoding = 4; lastKnownFileType = sourcecode.c.h; path = "UIButton+extension.h"; sourceTree = "<group>"; };
		2D599EE51F2AC9D800A9EF32 /* UIButton+extension.m */ = {isa = PBXFileReference; fileEncoding = 4; lastKnownFileType = sourcecode.c.objc; path = "UIButton+extension.m"; sourceTree = "<group>"; };
		2D599EE61F2AC9D800A9EF32 /* UIImage+extension.h */ = {isa = PBXFileReference; fileEncoding = 4; lastKnownFileType = sourcecode.c.h; path = "UIImage+extension.h"; sourceTree = "<group>"; };
		2D599EE71F2AC9D800A9EF32 /* UIImage+extension.m */ = {isa = PBXFileReference; fileEncoding = 4; lastKnownFileType = sourcecode.c.objc; path = "UIImage+extension.m"; sourceTree = "<group>"; };
		2D599EE81F2AC9D800A9EF32 /* UILabel+extension.h */ = {isa = PBXFileReference; fileEncoding = 4; lastKnownFileType = sourcecode.c.h; path = "UILabel+extension.h"; sourceTree = "<group>"; };
		2D599EE91F2AC9D800A9EF32 /* UILabel+extension.m */ = {isa = PBXFileReference; fileEncoding = 4; lastKnownFileType = sourcecode.c.objc; path = "UILabel+extension.m"; sourceTree = "<group>"; };
		2D599EF31F2AEA3C00A9EF32 /* companyContentModel.h */ = {isa = PBXFileReference; fileEncoding = 4; lastKnownFileType = sourcecode.c.h; path = companyContentModel.h; sourceTree = "<group>"; };
		2D599EF41F2AEA3C00A9EF32 /* companyContentModel.m */ = {isa = PBXFileReference; fileEncoding = 4; lastKnownFileType = sourcecode.c.objc; path = companyContentModel.m; sourceTree = "<group>"; };
		2D599EF61F2AF32E00A9EF32 /* companyHeaderModel.h */ = {isa = PBXFileReference; fileEncoding = 4; lastKnownFileType = sourcecode.c.h; path = companyHeaderModel.h; sourceTree = "<group>"; };
		2D599EF71F2AF32E00A9EF32 /* companyHeaderModel.m */ = {isa = PBXFileReference; fileEncoding = 4; lastKnownFileType = sourcecode.c.objc; path = companyHeaderModel.m; sourceTree = "<group>"; };
		2D599EFE1F2AF6D900A9EF32 /* CompanyHeaderTableViewCell.h */ = {isa = PBXFileReference; fileEncoding = 4; lastKnownFileType = sourcecode.c.h; path = CompanyHeaderTableViewCell.h; sourceTree = "<group>"; };
		2D599EFF1F2AF6D900A9EF32 /* CompanyHeaderTableViewCell.m */ = {isa = PBXFileReference; fileEncoding = 4; lastKnownFileType = sourcecode.c.objc; path = CompanyHeaderTableViewCell.m; sourceTree = "<group>"; };
		2D599F001F2AF6D900A9EF32 /* CompanyHeaderTableViewCell.xib */ = {isa = PBXFileReference; fileEncoding = 4; lastKnownFileType = file.xib; path = CompanyHeaderTableViewCell.xib; sourceTree = "<group>"; };
		2D599F031F2AF8CA00A9EF32 /* companyContentTableViewCell.h */ = {isa = PBXFileReference; fileEncoding = 4; lastKnownFileType = sourcecode.c.h; path = companyContentTableViewCell.h; sourceTree = "<group>"; };
		2D599F041F2AF8CA00A9EF32 /* companyContentTableViewCell.m */ = {isa = PBXFileReference; fileEncoding = 4; lastKnownFileType = sourcecode.c.objc; path = companyContentTableViewCell.m; sourceTree = "<group>"; };
		2D599F051F2AF8CA00A9EF32 /* companyContentTableViewCell.xib */ = {isa = PBXFileReference; fileEncoding = 4; lastKnownFileType = file.xib; path = companyContentTableViewCell.xib; sourceTree = "<group>"; };
		2D599F091F2B02CB00A9EF32 /* joinMainModel.h */ = {isa = PBXFileReference; fileEncoding = 4; lastKnownFileType = sourcecode.c.h; path = joinMainModel.h; sourceTree = "<group>"; };
		2D599F0A1F2B02CB00A9EF32 /* joinMainModel.m */ = {isa = PBXFileReference; fileEncoding = 4; lastKnownFileType = sourcecode.c.objc; path = joinMainModel.m; sourceTree = "<group>"; };
		2D599F0C1F2B05DC00A9EF32 /* joinSubModel.h */ = {isa = PBXFileReference; fileEncoding = 4; lastKnownFileType = sourcecode.c.h; path = joinSubModel.h; sourceTree = "<group>"; };
		2D599F0D1F2B05DC00A9EF32 /* joinSubModel.m */ = {isa = PBXFileReference; fileEncoding = 4; lastKnownFileType = sourcecode.c.objc; path = joinSubModel.m; sourceTree = "<group>"; };
		2D599F101F2B14F200A9EF32 /* searchModel.h */ = {isa = PBXFileReference; fileEncoding = 4; lastKnownFileType = sourcecode.c.h; path = searchModel.h; sourceTree = "<group>"; };
		2D599F111F2B14F200A9EF32 /* searchModel.m */ = {isa = PBXFileReference; fileEncoding = 4; lastKnownFileType = sourcecode.c.objc; path = searchModel.m; sourceTree = "<group>"; };
		2D599F131F2B4D5B00A9EF32 /* subModel2.h */ = {isa = PBXFileReference; fileEncoding = 4; lastKnownFileType = sourcecode.c.h; path = subModel2.h; sourceTree = "<group>"; };
		2D599F141F2B4D5B00A9EF32 /* subModel2.m */ = {isa = PBXFileReference; fileEncoding = 4; lastKnownFileType = sourcecode.c.objc; path = subModel2.m; sourceTree = "<group>"; };
		354F6A3AE6C4098B6C798064 /* Pods-HARMAY_PI_BRAND.debug.xcconfig */ = {isa = PBXFileReference; includeInIndex = 1; lastKnownFileType = text.xcconfig; name = "Pods-HARMAY_PI_BRAND.debug.xcconfig"; path = "Pods/Target Support Files/Pods-HARMAY_PI_BRAND/Pods-HARMAY_PI_BRAND.debug.xcconfig"; sourceTree = "<group>"; };
		603217041F28E9B1002FD61C /* UIView+ViewController.h */ = {isa = PBXFileReference; fileEncoding = 4; lastKnownFileType = sourcecode.c.h; path = "UIView+ViewController.h"; sourceTree = "<group>"; };
		603217051F28E9B1002FD61C /* UIView+ViewController.m */ = {isa = PBXFileReference; fileEncoding = 4; lastKnownFileType = sourcecode.c.objc; path = "UIView+ViewController.m"; sourceTree = "<group>"; };
		603217081F28ED97002FD61C /* ChildViewController.h */ = {isa = PBXFileReference; fileEncoding = 4; lastKnownFileType = sourcecode.c.h; path = ChildViewController.h; sourceTree = "<group>"; };
		603217091F28ED97002FD61C /* ChildViewController.m */ = {isa = PBXFileReference; fileEncoding = 4; lastKnownFileType = sourcecode.c.objc; path = ChildViewController.m; sourceTree = "<group>"; };
		6078A5801F2C922F005FFCF6 /* ShareView.h */ = {isa = PBXFileReference; fileEncoding = 4; lastKnownFileType = sourcecode.c.h; path = ShareView.h; sourceTree = "<group>"; };
		6078A5811F2C922F005FFCF6 /* ShareView.m */ = {isa = PBXFileReference; fileEncoding = 4; lastKnownFileType = sourcecode.c.objc; path = ShareView.m; sourceTree = "<group>"; };
		6078A5831F2C9711005FFCF6 /* libsqlite3.tbd */ = {isa = PBXFileReference; lastKnownFileType = "sourcecode.text-based-dylib-definition"; name = libsqlite3.tbd; path = usr/lib/libsqlite3.tbd; sourceTree = SDKROOT; };
		6078A5851F2C971B005FFCF6 /* CoreGraphics.framework */ = {isa = PBXFileReference; lastKnownFileType = wrapper.framework; name = CoreGraphics.framework; path = System/Library/Frameworks/CoreGraphics.framework; sourceTree = SDKROOT; };
		6078A5871F2C972D005FFCF6 /* SystemConfiguration.framework */ = {isa = PBXFileReference; lastKnownFileType = wrapper.framework; name = SystemConfiguration.framework; path = System/Library/Frameworks/SystemConfiguration.framework; sourceTree = SDKROOT; };
		6078A5891F2C9736005FFCF6 /* CoreTelephony.framework */ = {isa = PBXFileReference; lastKnownFileType = wrapper.framework; name = CoreTelephony.framework; path = System/Library/Frameworks/CoreTelephony.framework; sourceTree = SDKROOT; };
		6078A58B1F2C9763005FFCF6 /* libc++.tbd */ = {isa = PBXFileReference; lastKnownFileType = "sourcecode.text-based-dylib-definition"; name = "libc++.tbd"; path = "usr/lib/libc++.tbd"; sourceTree = SDKROOT; };
		6078A58D1F2C9B2E005FFCF6 /* libz.tbd */ = {isa = PBXFileReference; lastKnownFileType = "sourcecode.text-based-dylib-definition"; name = libz.tbd; path = usr/lib/libz.tbd; sourceTree = SDKROOT; };
		6078A58F1F2C9B54005FFCF6 /* CoreData.framework */ = {isa = PBXFileReference; lastKnownFileType = wrapper.framework; name = CoreData.framework; path = System/Library/Frameworks/CoreData.framework; sourceTree = SDKROOT; };
		60AD8BC91F2CC57C002644E7 /* PickerView.h */ = {isa = PBXFileReference; fileEncoding = 4; lastKnownFileType = sourcecode.c.h; path = PickerView.h; sourceTree = "<group>"; };
		60AD8BCA1F2CC57C002644E7 /* PickerView.m */ = {isa = PBXFileReference; fileEncoding = 4; lastKnownFileType = sourcecode.c.objc; path = PickerView.m; sourceTree = "<group>"; };
		60AD8BCC1F2CE6E2002644E7 /* HUDView.h */ = {isa = PBXFileReference; fileEncoding = 4; lastKnownFileType = sourcecode.c.h; path = HUDView.h; sourceTree = "<group>"; };
		60AD8BCD1F2CE6E2002644E7 /* HUDView.m */ = {isa = PBXFileReference; fileEncoding = 4; lastKnownFileType = sourcecode.c.objc; path = HUDView.m; sourceTree = "<group>"; };
		60C532471F2C59D600E4138B /* ActiveTableViewCell.h */ = {isa = PBXFileReference; fileEncoding = 4; lastKnownFileType = sourcecode.c.h; path = ActiveTableViewCell.h; sourceTree = "<group>"; };
		60C532481F2C59D600E4138B /* ActiveTableViewCell.m */ = {isa = PBXFileReference; fileEncoding = 4; lastKnownFileType = sourcecode.c.objc; path = ActiveTableViewCell.m; sourceTree = "<group>"; };
		60C532491F2C59D600E4138B /* ActiveTableViewCell.xib */ = {isa = PBXFileReference; fileEncoding = 4; lastKnownFileType = file.xib; path = ActiveTableViewCell.xib; sourceTree = "<group>"; };
		60C5324D1F2C702200E4138B /* ActiveViewController.h */ = {isa = PBXFileReference; fileEncoding = 4; lastKnownFileType = sourcecode.c.h; path = ActiveViewController.h; sourceTree = "<group>"; };
		60C5324E1F2C702200E4138B /* ActiveViewController.m */ = {isa = PBXFileReference; fileEncoding = 4; lastKnownFileType = sourcecode.c.objc; path = ActiveViewController.m; sourceTree = "<group>"; };
		60C5324F1F2C702200E4138B /* ActiveViewController.xib */ = {isa = PBXFileReference; fileEncoding = 4; lastKnownFileType = file.xib; path = ActiveViewController.xib; sourceTree = "<group>"; };
		60EF76EA1F27931D005E3A6E /* HARMAY_PI_BRAND.app */ = {isa = PBXFileReference; explicitFileType = wrapper.application; includeInIndex = 0; path = HARMAY_PI_BRAND.app; sourceTree = BUILT_PRODUCTS_DIR; };
		60EF76EE1F27931D005E3A6E /* main.m */ = {isa = PBXFileReference; lastKnownFileType = sourcecode.c.objc; path = main.m; sourceTree = "<group>"; };
		60EF76F01F27931D005E3A6E /* AppDelegate.h */ = {isa = PBXFileReference; lastKnownFileType = sourcecode.c.h; path = AppDelegate.h; sourceTree = "<group>"; };
		60EF76F11F27931D005E3A6E /* AppDelegate.m */ = {isa = PBXFileReference; lastKnownFileType = sourcecode.c.objc; path = AppDelegate.m; sourceTree = "<group>"; };
		60EF76F31F27931D005E3A6E /* ViewController.h */ = {isa = PBXFileReference; lastKnownFileType = sourcecode.c.h; path = ViewController.h; sourceTree = "<group>"; };
		60EF76F41F27931D005E3A6E /* ViewController.m */ = {isa = PBXFileReference; lastKnownFileType = sourcecode.c.objc; path = ViewController.m; sourceTree = "<group>"; };
		60EF76F71F27931D005E3A6E /* Base */ = {isa = PBXFileReference; lastKnownFileType = file.storyboard; name = Base; path = Base.lproj/Main.storyboard; sourceTree = "<group>"; };
		60EF76F91F27931D005E3A6E /* Assets.xcassets */ = {isa = PBXFileReference; lastKnownFileType = folder.assetcatalog; path = Assets.xcassets; sourceTree = "<group>"; };
		60EF76FC1F27931D005E3A6E /* Base */ = {isa = PBXFileReference; lastKnownFileType = file.storyboard; name = Base; path = Base.lproj/LaunchScreen.storyboard; sourceTree = "<group>"; };
		60EF76FE1F27931D005E3A6E /* Info.plist */ = {isa = PBXFileReference; lastKnownFileType = text.plist.xml; path = Info.plist; sourceTree = "<group>"; };
		60EF77031F27931D005E3A6E /* HARMAY_PI_BRANDTests.xctest */ = {isa = PBXFileReference; explicitFileType = wrapper.cfbundle; includeInIndex = 0; path = HARMAY_PI_BRANDTests.xctest; sourceTree = BUILT_PRODUCTS_DIR; };
		60EF77071F27931D005E3A6E /* HARMAY_PI_BRANDTests.m */ = {isa = PBXFileReference; lastKnownFileType = sourcecode.c.objc; path = HARMAY_PI_BRANDTests.m; sourceTree = "<group>"; };
		60EF77091F27931D005E3A6E /* Info.plist */ = {isa = PBXFileReference; lastKnownFileType = text.plist.xml; path = Info.plist; sourceTree = "<group>"; };
		60EF770E1F27931D005E3A6E /* HARMAY_PI_BRANDUITests.xctest */ = {isa = PBXFileReference; explicitFileType = wrapper.cfbundle; includeInIndex = 0; path = HARMAY_PI_BRANDUITests.xctest; sourceTree = BUILT_PRODUCTS_DIR; };
		60EF77121F27931D005E3A6E /* HARMAY_PI_BRANDUITests.m */ = {isa = PBXFileReference; lastKnownFileType = sourcecode.c.objc; path = HARMAY_PI_BRANDUITests.m; sourceTree = "<group>"; };
		60EF77141F27931D005E3A6E /* Info.plist */ = {isa = PBXFileReference; lastKnownFileType = text.plist.xml; path = Info.plist; sourceTree = "<group>"; };
		60EF77231F279C2E005E3A6E /* MainViewController.h */ = {isa = PBXFileReference; fileEncoding = 4; lastKnownFileType = sourcecode.c.h; path = MainViewController.h; sourceTree = "<group>"; };
		60EF77241F279C2E005E3A6E /* MainViewController.m */ = {isa = PBXFileReference; fileEncoding = 4; lastKnownFileType = sourcecode.c.objc; path = MainViewController.m; sourceTree = "<group>"; };
		60EF77251F279C2E005E3A6E /* MainViewController.xib */ = {isa = PBXFileReference; fileEncoding = 4; lastKnownFileType = file.xib; path = MainViewController.xib; sourceTree = "<group>"; };
		60EF77281F279C3F005E3A6E /* MenuViewController.h */ = {isa = PBXFileReference; fileEncoding = 4; lastKnownFileType = sourcecode.c.h; path = MenuViewController.h; sourceTree = "<group>"; };
		60EF77291F279C3F005E3A6E /* MenuViewController.m */ = {isa = PBXFileReference; fileEncoding = 4; lastKnownFileType = sourcecode.c.objc; path = MenuViewController.m; sourceTree = "<group>"; };
		60EF772A1F279C3F005E3A6E /* MenuViewController.xib */ = {isa = PBXFileReference; fileEncoding = 4; lastKnownFileType = file.xib; path = MenuViewController.xib; sourceTree = "<group>"; };
		60EF772E1F279D77005E3A6E /* BaseNavigationController.h */ = {isa = PBXFileReference; fileEncoding = 4; lastKnownFileType = sourcecode.c.h; path = BaseNavigationController.h; sourceTree = "<group>"; };
		60EF772F1F279D77005E3A6E /* BaseNavigationController.m */ = {isa = PBXFileReference; fileEncoding = 4; lastKnownFileType = sourcecode.c.objc; path = BaseNavigationController.m; sourceTree = "<group>"; };
		60EF77301F279D77005E3A6E /* BaseTabBarController.h */ = {isa = PBXFileReference; fileEncoding = 4; lastKnownFileType = sourcecode.c.h; path = BaseTabBarController.h; sourceTree = "<group>"; };
		60EF77311F279D77005E3A6E /* BaseTabBarController.m */ = {isa = PBXFileReference; fileEncoding = 4; lastKnownFileType = sourcecode.c.objc; path = BaseTabBarController.m; sourceTree = "<group>"; };
		60EF77321F279D77005E3A6E /* BaseViewController.h */ = {isa = PBXFileReference; fileEncoding = 4; lastKnownFileType = sourcecode.c.h; path = BaseViewController.h; sourceTree = "<group>"; };
		60EF77331F279D77005E3A6E /* BaseViewController.m */ = {isa = PBXFileReference; fileEncoding = 4; lastKnownFileType = sourcecode.c.objc; path = BaseViewController.m; sourceTree = "<group>"; };
		60EF77371F279DAB005E3A6E /* PrefixHeader.pch */ = {isa = PBXFileReference; lastKnownFileType = sourcecode.c.h; path = PrefixHeader.pch; sourceTree = "<group>"; };
		60EF773F1F28E340005E3A6E /* WebViewController.h */ = {isa = PBXFileReference; fileEncoding = 4; lastKnownFileType = sourcecode.c.h; path = WebViewController.h; sourceTree = "<group>"; };
		60EF77401F28E340005E3A6E /* WebViewController.m */ = {isa = PBXFileReference; fileEncoding = 4; lastKnownFileType = sourcecode.c.objc; path = WebViewController.m; sourceTree = "<group>"; };
		9256868CD00094289173861A /* libPods-HARMAY_PI_BRAND.a */ = {isa = PBXFileReference; explicitFileType = archive.ar; includeInIndex = 0; path = "libPods-HARMAY_PI_BRAND.a"; sourceTree = BUILT_PRODUCTS_DIR; };
		927CDED01F29C64300399AA6 /* JoinusViewCellCell.h */ = {isa = PBXFileReference; fileEncoding = 4; lastKnownFileType = sourcecode.c.h; path = JoinusViewCellCell.h; sourceTree = "<group>"; };
		927CDED11F29C64300399AA6 /* JoinusViewCellCell.m */ = {isa = PBXFileReference; fileEncoding = 4; lastKnownFileType = sourcecode.c.objc; path = JoinusViewCellCell.m; sourceTree = "<group>"; };
		927CDED21F29C64300399AA6 /* JoinusViewCellCell.xib */ = {isa = PBXFileReference; fileEncoding = 4; lastKnownFileType = file.xib; path = JoinusViewCellCell.xib; sourceTree = "<group>"; };
		927CDED51F29DF9F00399AA6 /* JoinusViewCell.h */ = {isa = PBXFileReference; fileEncoding = 4; lastKnownFileType = sourcecode.c.h; path = JoinusViewCell.h; sourceTree = "<group>"; };
		927CDED61F29DF9F00399AA6 /* JoinusViewCell.m */ = {isa = PBXFileReference; fileEncoding = 4; lastKnownFileType = sourcecode.c.objc; path = JoinusViewCell.m; sourceTree = "<group>"; };
		927CDED71F29DF9F00399AA6 /* JoinusViewCell.xib */ = {isa = PBXFileReference; fileEncoding = 4; lastKnownFileType = file.xib; path = JoinusViewCell.xib; sourceTree = "<group>"; };
		92883DC31F2AC2C000FCA7BC /* NSString+XLSegmentModelPrtol.h */ = {isa = PBXFileReference; fileEncoding = 4; lastKnownFileType = sourcecode.c.h; path = "NSString+XLSegmentModelPrtol.h"; sourceTree = "<group>"; };
		92883DC41F2AC2C000FCA7BC /* NSString+XLSegmentModelPrtol.m */ = {isa = PBXFileReference; fileEncoding = 4; lastKnownFileType = sourcecode.c.objc; path = "NSString+XLSegmentModelPrtol.m"; sourceTree = "<group>"; };
		92883DC51F2AC2C000FCA7BC /* XLSegmentBar.h */ = {isa = PBXFileReference; fileEncoding = 4; lastKnownFileType = sourcecode.c.h; path = XLSegmentBar.h; sourceTree = "<group>"; };
		92883DC61F2AC2C000FCA7BC /* XLSegmentBar.m */ = {isa = PBXFileReference; fileEncoding = 4; lastKnownFileType = sourcecode.c.objc; path = XLSegmentBar.m; sourceTree = "<group>"; };
		92883DC71F2AC2C000FCA7BC /* XLSegmentModelProtocol.h */ = {isa = PBXFileReference; fileEncoding = 4; lastKnownFileType = sourcecode.c.h; path = XLSegmentModelProtocol.h; sourceTree = "<group>"; };
		92883DC81F2AC2C000FCA7BC /* XLConst.h */ = {isa = PBXFileReference; fileEncoding = 4; lastKnownFileType = sourcecode.c.h; path = XLConst.h; sourceTree = "<group>"; };
		92883DC91F2AC2C000FCA7BC /* XLConst.m */ = {isa = PBXFileReference; fileEncoding = 4; lastKnownFileType = sourcecode.c.objc; path = XLConst.m; sourceTree = "<group>"; };
		92883DCA1F2AC2C000FCA7BC /* XLScrollView.h */ = {isa = PBXFileReference; fileEncoding = 4; lastKnownFileType = sourcecode.c.h; path = XLScrollView.h; sourceTree = "<group>"; };
		92883DCB1F2AC2C000FCA7BC /* XLScrollView.m */ = {isa = PBXFileReference; fileEncoding = 4; lastKnownFileType = sourcecode.c.objc; path = XLScrollView.m; sourceTree = "<group>"; };
		92883DD01F2AC3A200FCA7BC /* UIViewController+XLScroll.h */ = {isa = PBXFileReference; fileEncoding = 4; lastKnownFileType = sourcecode.c.h; path = "UIViewController+XLScroll.h"; sourceTree = "<group>"; };
		92883DD11F2AC3A200FCA7BC /* UIViewController+XLScroll.m */ = {isa = PBXFileReference; fileEncoding = 4; lastKnownFileType = sourcecode.c.objc; path = "UIViewController+XLScroll.m"; sourceTree = "<group>"; };
		92883DD81F2AC3E700FCA7BC /* Product1TableViewController.h */ = {isa = PBXFileReference; fileEncoding = 4; lastKnownFileType = sourcecode.c.h; path = Product1TableViewController.h; sourceTree = "<group>"; };
		92883DD91F2AC3E700FCA7BC /* Product1TableViewController.m */ = {isa = PBXFileReference; fileEncoding = 4; lastKnownFileType = sourcecode.c.objc; path = Product1TableViewController.m; sourceTree = "<group>"; };
		92883DDB1F2AC3F300FCA7BC /* Product2TableViewController.h */ = {isa = PBXFileReference; fileEncoding = 4; lastKnownFileType = sourcecode.c.h; path = Product2TableViewController.h; sourceTree = "<group>"; };
		92883DDC1F2AC3F300FCA7BC /* Product2TableViewController.m */ = {isa = PBXFileReference; fileEncoding = 4; lastKnownFileType = sourcecode.c.objc; path = Product2TableViewController.m; sourceTree = "<group>"; };
		92883DDE1F2AC3FA00FCA7BC /* Product3TableViewController.h */ = {isa = PBXFileReference; fileEncoding = 4; lastKnownFileType = sourcecode.c.h; path = Product3TableViewController.h; sourceTree = "<group>"; };
		92883DDF1F2AC3FA00FCA7BC /* Product3TableViewController.m */ = {isa = PBXFileReference; fileEncoding = 4; lastKnownFileType = sourcecode.c.objc; path = Product3TableViewController.m; sourceTree = "<group>"; };
		92883DE11F2AD52300FCA7BC /* Product1Cell.h */ = {isa = PBXFileReference; fileEncoding = 4; lastKnownFileType = sourcecode.c.h; path = Product1Cell.h; sourceTree = "<group>"; };
		92883DE21F2AD52300FCA7BC /* Product1Cell.m */ = {isa = PBXFileReference; fileEncoding = 4; lastKnownFileType = sourcecode.c.objc; path = Product1Cell.m; sourceTree = "<group>"; };
		92883DE31F2AD52300FCA7BC /* Product1Cell.xib */ = {isa = PBXFileReference; fileEncoding = 4; lastKnownFileType = file.xib; path = Product1Cell.xib; sourceTree = "<group>"; };
		92883DE61F2AD53700FCA7BC /* Product2Cell.h */ = {isa = PBXFileReference; fileEncoding = 4; lastKnownFileType = sourcecode.c.h; path = Product2Cell.h; sourceTree = "<group>"; };
		92883DE71F2AD53700FCA7BC /* Product2Cell.m */ = {isa = PBXFileReference; fileEncoding = 4; lastKnownFileType = sourcecode.c.objc; path = Product2Cell.m; sourceTree = "<group>"; };
		92883DE81F2AD53700FCA7BC /* Product2Cell.xib */ = {isa = PBXFileReference; fileEncoding = 4; lastKnownFileType = file.xib; path = Product2Cell.xib; sourceTree = "<group>"; };
		92883DEB1F2AD54D00FCA7BC /* Product3Cell.h */ = {isa = PBXFileReference; fileEncoding = 4; lastKnownFileType = sourcecode.c.h; path = Product3Cell.h; sourceTree = "<group>"; };
		92883DEC1F2AD54D00FCA7BC /* Product3Cell.m */ = {isa = PBXFileReference; fileEncoding = 4; lastKnownFileType = sourcecode.c.objc; path = Product3Cell.m; sourceTree = "<group>"; };
		92883DED1F2AD54D00FCA7BC /* Product3Cell.xib */ = {isa = PBXFileReference; fileEncoding = 4; lastKnownFileType = file.xib; path = Product3Cell.xib; sourceTree = "<group>"; };
		92883DF01F2B337500FCA7BC /* SubCompanyViewController1.h */ = {isa = PBXFileReference; fileEncoding = 4; lastKnownFileType = sourcecode.c.h; path = SubCompanyViewController1.h; sourceTree = "<group>"; };
		92883DF11F2B337500FCA7BC /* SubCompanyViewController1.m */ = {isa = PBXFileReference; fileEncoding = 4; lastKnownFileType = sourcecode.c.objc; path = SubCompanyViewController1.m; sourceTree = "<group>"; };
		92883DF31F2B338D00FCA7BC /* SubCompanyViewController2.h */ = {isa = PBXFileReference; fileEncoding = 4; lastKnownFileType = sourcecode.c.h; path = SubCompanyViewController2.h; sourceTree = "<group>"; };
		92883DF41F2B338D00FCA7BC /* SubCompanyViewController2.m */ = {isa = PBXFileReference; fileEncoding = 4; lastKnownFileType = sourcecode.c.objc; path = SubCompanyViewController2.m; sourceTree = "<group>"; };
/* End PBXFileReference section */

/* Begin PBXFrameworksBuildPhase section */
		60EF76E71F27931C005E3A6E /* Frameworks */ = {
			isa = PBXFrameworksBuildPhase;
			buildActionMask = 2147483647;
			files = (
				6078A5901F2C9B54005FFCF6 /* CoreData.framework in Frameworks */,
				6078A58E1F2C9B2E005FFCF6 /* libz.tbd in Frameworks */,
				6078A58C1F2C9763005FFCF6 /* libc++.tbd in Frameworks */,
				6078A58A1F2C9736005FFCF6 /* CoreTelephony.framework in Frameworks */,
				6078A5881F2C972D005FFCF6 /* SystemConfiguration.framework in Frameworks */,
				6078A5861F2C971B005FFCF6 /* CoreGraphics.framework in Frameworks */,
				6078A5841F2C9711005FFCF6 /* libsqlite3.tbd in Frameworks */,
				B07A01F0967781E9A1B7AA41 /* libPods-HARMAY_PI_BRAND.a in Frameworks */,
			);
			runOnlyForDeploymentPostprocessing = 0;
		};
		60EF77001F27931D005E3A6E /* Frameworks */ = {
			isa = PBXFrameworksBuildPhase;
			buildActionMask = 2147483647;
			files = (
			);
			runOnlyForDeploymentPostprocessing = 0;
		};
		60EF770B1F27931D005E3A6E /* Frameworks */ = {
			isa = PBXFrameworksBuildPhase;
			buildActionMask = 2147483647;
			files = (
			);
			runOnlyForDeploymentPostprocessing = 0;
		};
/* End PBXFrameworksBuildPhase section */

/* Begin PBXGroup section */
		2D2354941F29863C00A93726 /* Company */ = {
			isa = PBXGroup;
			children = (
				2D599EF21F2AEA2600A9EF32 /* model */,
				2D2354971F29865800A93726 /* CompanyViewController.h */,
				2D2354981F29865800A93726 /* CompanyViewController.m */,
				92883DF01F2B337500FCA7BC /* SubCompanyViewController1.h */,
				92883DF11F2B337500FCA7BC /* SubCompanyViewController1.m */,
				92883DF31F2B338D00FCA7BC /* SubCompanyViewController2.h */,
				92883DF41F2B338D00FCA7BC /* SubCompanyViewController2.m */,
				2D599EFE1F2AF6D900A9EF32 /* CompanyHeaderTableViewCell.h */,
				2D599EFF1F2AF6D900A9EF32 /* CompanyHeaderTableViewCell.m */,
				2D599F001F2AF6D900A9EF32 /* CompanyHeaderTableViewCell.xib */,
				2D599F031F2AF8CA00A9EF32 /* companyContentTableViewCell.h */,
				2D599F041F2AF8CA00A9EF32 /* companyContentTableViewCell.m */,
				2D599F051F2AF8CA00A9EF32 /* companyContentTableViewCell.xib */,
				60C532471F2C59D600E4138B /* ActiveTableViewCell.h */,
				60C532481F2C59D600E4138B /* ActiveTableViewCell.m */,
				60C532491F2C59D600E4138B /* ActiveTableViewCell.xib */,
			);
			path = Company;
			sourceTree = "<group>";
		};
		2D2354951F29863C00A93726 /* Joinus */ = {
			isa = PBXGroup;
			children = (
				2D599F081F2B02B700A9EF32 /* model */,
				2D23549C1F29866900A93726 /* JoinusViewController.h */,
				2D23549D1F29866900A93726 /* JoinusViewController.m */,
				2D23549E1F29866900A93726 /* JoinusViewController.xib */,
				927CDED01F29C64300399AA6 /* JoinusViewCellCell.h */,
				927CDED11F29C64300399AA6 /* JoinusViewCellCell.m */,
				927CDED21F29C64300399AA6 /* JoinusViewCellCell.xib */,
				927CDED51F29DF9F00399AA6 /* JoinusViewCell.h */,
				927CDED61F29DF9F00399AA6 /* JoinusViewCell.m */,
				927CDED71F29DF9F00399AA6 /* JoinusViewCell.xib */,
			);
			path = Joinus;
			sourceTree = "<group>";
		};
		2D2354961F29863C00A93726 /* Product */ = {
			isa = PBXGroup;
			children = (
				2D2354A11F29867700A93726 /* ProductViewController.h */,
				2D2354A21F29867700A93726 /* ProductViewController.m */,
				92883DD81F2AC3E700FCA7BC /* Product1TableViewController.h */,
				92883DD91F2AC3E700FCA7BC /* Product1TableViewController.m */,
				92883DE11F2AD52300FCA7BC /* Product1Cell.h */,
				92883DE21F2AD52300FCA7BC /* Product1Cell.m */,
				92883DE31F2AD52300FCA7BC /* Product1Cell.xib */,
				92883DDB1F2AC3F300FCA7BC /* Product2TableViewController.h */,
				92883DDC1F2AC3F300FCA7BC /* Product2TableViewController.m */,
				92883DE61F2AD53700FCA7BC /* Product2Cell.h */,
				92883DE71F2AD53700FCA7BC /* Product2Cell.m */,
				92883DE81F2AD53700FCA7BC /* Product2Cell.xib */,
				92883DDE1F2AC3FA00FCA7BC /* Product3TableViewController.h */,
				92883DDF1F2AC3FA00FCA7BC /* Product3TableViewController.m */,
				92883DEB1F2AD54D00FCA7BC /* Product3Cell.h */,
				92883DEC1F2AD54D00FCA7BC /* Product3Cell.m */,
				92883DED1F2AD54D00FCA7BC /* Product3Cell.xib */,
			);
			path = Product;
			sourceTree = "<group>";
		};
		2D2354A41F298CD500A93726 /* shop */ = {
			isa = PBXGroup;
			children = (
				2D2354A81F298ECB00A93726 /* shopViewController.h */,
				2D2354A91F298ECB00A93726 /* shopViewController.m */,
				2D2354AA1F298ECB00A93726 /* shopViewController.xib */,
			);
			path = shop;
			sourceTree = "<group>";
		};
		2D2354BB1F29D22C00A93726 /* Search */ = {
			isa = PBXGroup;
			children = (
				2D599F0F1F2B14E500A9EF32 /* model */,
				2D2354BC1F29D22C00A93726 /* SearchViewController.h */,
				2D2354BD1F29D22C00A93726 /* SearchViewController.m */,
				2D2354BE1F29D22C00A93726 /* SearchViewController.xib */,
				2D2354C11F29D47E00A93726 /* SearchTableViewCell.h */,
				2D2354C21F29D47E00A93726 /* SearchTableViewCell.m */,
				2D2354C31F29D47E00A93726 /* SearchTableViewCell.xib */,
			);
			path = Search;
			sourceTree = "<group>";
		};
		2D2354C61F29DA8A00A93726 /* httpRequest */ = {
			isa = PBXGroup;
			children = (
				2D2354C71F29DA9A00A93726 /* HTTPRequest.h */,
				2D2354C81F29DA9A00A93726 /* HTTPRequest.m */,
			);
			path = httpRequest;
			sourceTree = "<group>";
		};
		2D2354CA1F29E9DF00A93726 /* model */ = {
			isa = PBXGroup;
			children = (
				2D2354CB1F29E9F300A93726 /* mainModle.h */,
				2D2354CC1F29E9F300A93726 /* mainModle.m */,
			);
			path = model;
			sourceTree = "<group>";
		};
		2D599EF21F2AEA2600A9EF32 /* model */ = {
			isa = PBXGroup;
			children = (
				2D599EF31F2AEA3C00A9EF32 /* companyContentModel.h */,
				2D599EF41F2AEA3C00A9EF32 /* companyContentModel.m */,
				2D599EF61F2AF32E00A9EF32 /* companyHeaderModel.h */,
				2D599EF71F2AF32E00A9EF32 /* companyHeaderModel.m */,
				2D599F131F2B4D5B00A9EF32 /* subModel2.h */,
				2D599F141F2B4D5B00A9EF32 /* subModel2.m */,
			);
			path = model;
			sourceTree = "<group>";
		};
		2D599F081F2B02B700A9EF32 /* model */ = {
			isa = PBXGroup;
			children = (
				2D599F091F2B02CB00A9EF32 /* joinMainModel.h */,
				2D599F0A1F2B02CB00A9EF32 /* joinMainModel.m */,
				2D599F0C1F2B05DC00A9EF32 /* joinSubModel.h */,
				2D599F0D1F2B05DC00A9EF32 /* joinSubModel.m */,
			);
			path = model;
			sourceTree = "<group>";
		};
		2D599F0F1F2B14E500A9EF32 /* model */ = {
			isa = PBXGroup;
			children = (
				2D599F101F2B14F200A9EF32 /* searchModel.h */,
				2D599F111F2B14F200A9EF32 /* searchModel.m */,
			);
			path = model;
			sourceTree = "<group>";
		};
		4DE278866E7998AD4C7DFBE0 /* Frameworks */ = {
			isa = PBXGroup;
			children = (
				6078A58F1F2C9B54005FFCF6 /* CoreData.framework */,
				6078A58D1F2C9B2E005FFCF6 /* libz.tbd */,
				6078A58B1F2C9763005FFCF6 /* libc++.tbd */,
				6078A5891F2C9736005FFCF6 /* CoreTelephony.framework */,
				6078A5871F2C972D005FFCF6 /* SystemConfiguration.framework */,
				6078A5851F2C971B005FFCF6 /* CoreGraphics.framework */,
				6078A5831F2C9711005FFCF6 /* libsqlite3.tbd */,
				9256868CD00094289173861A /* libPods-HARMAY_PI_BRAND.a */,
			);
			name = Frameworks;
			sourceTree = "<group>";
		};
		603217031F28E9B1002FD61C /* Category */ = {
			isa = PBXGroup;
			children = (
				2D599EDA1F2AC9D800A9EF32 /* NSArray+extension.h */,
				2D599EDB1F2AC9D800A9EF32 /* NSArray+extension.m */,
				2D599EDC1F2AC9D800A9EF32 /* NSData+extension.h */,
				2D599EDD1F2AC9D800A9EF32 /* NSData+extension.m */,
				2D599EDE1F2AC9D800A9EF32 /* NSDate+extension.h */,
				2D599EDF1F2AC9D800A9EF32 /* NSDate+extension.m */,
				2D599EE01F2AC9D800A9EF32 /* NSDictionary+extension.h */,
				2D599EE11F2AC9D800A9EF32 /* NSDictionary+extension.m */,
				2D599EE21F2AC9D800A9EF32 /* NSString+extension.h */,
				2D599EE31F2AC9D800A9EF32 /* NSString+extension.m */,
				2D599EE41F2AC9D800A9EF32 /* UIButton+extension.h */,
				2D599EE51F2AC9D800A9EF32 /* UIButton+extension.m */,
				2D599EE61F2AC9D800A9EF32 /* UIImage+extension.h */,
				2D599EE71F2AC9D800A9EF32 /* UIImage+extension.m */,
				2D599EE81F2AC9D800A9EF32 /* UILabel+extension.h */,
				2D599EE91F2AC9D800A9EF32 /* UILabel+extension.m */,
				603217041F28E9B1002FD61C /* UIView+ViewController.h */,
				603217051F28E9B1002FD61C /* UIView+ViewController.m */,
			);
			path = Category;
			sourceTree = "<group>";
		};
		603217071F28ED49002FD61C /* Tools */ = {
			isa = PBXGroup;
			children = (
				603217081F28ED97002FD61C /* ChildViewController.h */,
				603217091F28ED97002FD61C /* ChildViewController.m */,
			);
			path = Tools;
			sourceTree = "<group>";
		};
		6078A57F1F2C922F005FFCF6 /* shareView */ = {
			isa = PBXGroup;
			children = (
				6078A5801F2C922F005FFCF6 /* ShareView.h */,
				6078A5811F2C922F005FFCF6 /* ShareView.m */,
			);
			path = shareView;
			sourceTree = "<group>";
		};
		60C5324C1F2C6FE300E4138B /* Active */ = {
			isa = PBXGroup;
			children = (
				60C5324D1F2C702200E4138B /* ActiveViewController.h */,
				60C5324E1F2C702200E4138B /* ActiveViewController.m */,
				60C5324F1F2C702200E4138B /* ActiveViewController.xib */,
			);
			path = Active;
			sourceTree = "<group>";
		};
		60EF76E11F27931C005E3A6E = {
			isa = PBXGroup;
			children = (
				60EF76EC1F27931D005E3A6E /* HARMAY_PI_BRAND */,
				60EF77061F27931D005E3A6E /* HARMAY_PI_BRANDTests */,
				60EF77111F27931D005E3A6E /* HARMAY_PI_BRANDUITests */,
				60EF76EB1F27931D005E3A6E /* Products */,
				A1E5EF40C13CB28ADF635EC9 /* Pods */,
				4DE278866E7998AD4C7DFBE0 /* Frameworks */,
			);
			sourceTree = "<group>";
		};
		60EF76EB1F27931D005E3A6E /* Products */ = {
			isa = PBXGroup;
			children = (
				60EF76EA1F27931D005E3A6E /* HARMAY_PI_BRAND.app */,
				60EF77031F27931D005E3A6E /* HARMAY_PI_BRANDTests.xctest */,
				60EF770E1F27931D005E3A6E /* HARMAY_PI_BRANDUITests.xctest */,
			);
			name = Products;
			sourceTree = "<group>";
		};
		60EF76EC1F27931D005E3A6E /* HARMAY_PI_BRAND */ = {
			isa = PBXGroup;
			children = (
				6078A57F1F2C922F005FFCF6 /* shareView */,
				92883DC01F2AC2C000FCA7BC /* Library */,
				2D2354C61F29DA8A00A93726 /* httpRequest */,
				603217071F28ED49002FD61C /* Tools */,
				603217031F28E9B1002FD61C /* Category */,
				60EF772D1F279D77005E3A6E /* BaseClass */,
				60EF77201F279BC8005E3A6E /* ViewController */,
				60EF76F01F27931D005E3A6E /* AppDelegate.h */,
				60EF76F11F27931D005E3A6E /* AppDelegate.m */,
				60EF76F31F27931D005E3A6E /* ViewController.h */,
				60EF76F41F27931D005E3A6E /* ViewController.m */,
				2D2354811F2890A700A93726 /* DefineClass.h */,
				60EF76F61F27931D005E3A6E /* Main.storyboard */,
				60EF76F91F27931D005E3A6E /* Assets.xcassets */,
				60EF76FB1F27931D005E3A6E /* LaunchScreen.storyboard */,
				60EF76FE1F27931D005E3A6E /* Info.plist */,
				60EF76ED1F27931D005E3A6E /* Supporting Files */,
			);
			path = HARMAY_PI_BRAND;
			sourceTree = "<group>";
		};
		60EF76ED1F27931D005E3A6E /* Supporting Files */ = {
			isa = PBXGroup;
			children = (
				60EF76EE1F27931D005E3A6E /* main.m */,
				60EF77371F279DAB005E3A6E /* PrefixHeader.pch */,
			);
			name = "Supporting Files";
			sourceTree = "<group>";
		};
		60EF77061F27931D005E3A6E /* HARMAY_PI_BRANDTests */ = {
			isa = PBXGroup;
			children = (
				60EF77071F27931D005E3A6E /* HARMAY_PI_BRANDTests.m */,
				60EF77091F27931D005E3A6E /* Info.plist */,
			);
			path = HARMAY_PI_BRANDTests;
			sourceTree = "<group>";
		};
		60EF77111F27931D005E3A6E /* HARMAY_PI_BRANDUITests */ = {
			isa = PBXGroup;
			children = (
				60EF77121F27931D005E3A6E /* HARMAY_PI_BRANDUITests.m */,
				60EF77141F27931D005E3A6E /* Info.plist */,
			);
			path = HARMAY_PI_BRANDUITests;
			sourceTree = "<group>";
		};
		60EF77201F279BC8005E3A6E /* ViewController */ = {
			isa = PBXGroup;
			children = (
				60C5324C1F2C6FE300E4138B /* Active */,
				2D2354BB1F29D22C00A93726 /* Search */,
				2D2354A41F298CD500A93726 /* shop */,
				2D2354941F29863C00A93726 /* Company */,
				2D2354951F29863C00A93726 /* Joinus */,
				2D2354961F29863C00A93726 /* Product */,
				60EF773E1F28E336005E3A6E /* WebView */,
				60EF77211F279C14005E3A6E /* MainView */,
				60EF77221F279C14005E3A6E /* MenuView */,
			);
			path = ViewController;
			sourceTree = "<group>";
		};
		60EF77211F279C14005E3A6E /* MainView */ = {
			isa = PBXGroup;
			children = (
				2D2354CA1F29E9DF00A93726 /* model */,
				60EF77231F279C2E005E3A6E /* MainViewController.h */,
				60EF77241F279C2E005E3A6E /* MainViewController.m */,
				60EF77251F279C2E005E3A6E /* MainViewController.xib */,
				2D2354AD1F29C1E300A93726 /* MainTableViewCell.h */,
				2D2354AE1F29C1E300A93726 /* MainTableViewCell.m */,
				2D2354AF1F29C1E300A93726 /* MainTableViewCell.xib */,
			);
			path = MainView;
			sourceTree = "<group>";
		};
		60EF77221F279C14005E3A6E /* MenuView */ = {
			isa = PBXGroup;
			children = (
				60EF77281F279C3F005E3A6E /* MenuViewController.h */,
				60EF77291F279C3F005E3A6E /* MenuViewController.m */,
				60EF772A1F279C3F005E3A6E /* MenuViewController.xib */,
				2D23548A1F289AED00A93726 /* MenuTableViewCell.h */,
				2D23548B1F289AED00A93726 /* MenuTableViewCell.m */,
				2D23548C1F289AED00A93726 /* MenuTableViewCell.xib */,
				2D23548F1F289EDA00A93726 /* MenuTableViewCell2.h */,
				2D2354901F289EDA00A93726 /* MenuTableViewCell2.m */,
				2D2354911F289EDA00A93726 /* MenuTableViewCell2.xib */,
			);
			path = MenuView;
			sourceTree = "<group>";
		};
		60EF772D1F279D77005E3A6E /* BaseClass */ = {
			isa = PBXGroup;
			children = (
				60EF772E1F279D77005E3A6E /* BaseNavigationController.h */,
				60EF772F1F279D77005E3A6E /* BaseNavigationController.m */,
				60EF77301F279D77005E3A6E /* BaseTabBarController.h */,
				60EF77311F279D77005E3A6E /* BaseTabBarController.m */,
				60EF77321F279D77005E3A6E /* BaseViewController.h */,
				60EF77331F279D77005E3A6E /* BaseViewController.m */,
			);
			path = BaseClass;
			sourceTree = "<group>";
		};
		60EF773E1F28E336005E3A6E /* WebView */ = {
			isa = PBXGroup;
			children = (
				60EF773F1F28E340005E3A6E /* WebViewController.h */,
				60EF77401F28E340005E3A6E /* WebViewController.m */,
			);
			path = WebView;
			sourceTree = "<group>";
		};
		92883DC01F2AC2C000FCA7BC /* Library */ = {
			isa = PBXGroup;
			children = (
				60AD8BC91F2CC57C002644E7 /* PickerView.h */,
				60AD8BCA1F2CC57C002644E7 /* PickerView.m */,
				92883DC11F2AC2C000FCA7BC /* LinkageView */,
				60AD8BCC1F2CE6E2002644E7 /* HUDView.h */,
				60AD8BCD1F2CE6E2002644E7 /* HUDView.m */,
			);
			path = Library;
			sourceTree = "<group>";
		};
		92883DC11F2AC2C000FCA7BC /* LinkageView */ = {
			isa = PBXGroup;
			children = (
				92883DD01F2AC3A200FCA7BC /* UIViewController+XLScroll.h */,
				92883DD11F2AC3A200FCA7BC /* UIViewController+XLScroll.m */,
				92883DC21F2AC2C000FCA7BC /* SegmentBar */,
				92883DC81F2AC2C000FCA7BC /* XLConst.h */,
				92883DC91F2AC2C000FCA7BC /* XLConst.m */,
				92883DCA1F2AC2C000FCA7BC /* XLScrollView.h */,
				92883DCB1F2AC2C000FCA7BC /* XLScrollView.m */,
			);
			path = LinkageView;
			sourceTree = "<group>";
		};
		92883DC21F2AC2C000FCA7BC /* SegmentBar */ = {
			isa = PBXGroup;
			children = (
				92883DC31F2AC2C000FCA7BC /* NSString+XLSegmentModelPrtol.h */,
				92883DC41F2AC2C000FCA7BC /* NSString+XLSegmentModelPrtol.m */,
				92883DC51F2AC2C000FCA7BC /* XLSegmentBar.h */,
				92883DC61F2AC2C000FCA7BC /* XLSegmentBar.m */,
				92883DC71F2AC2C000FCA7BC /* XLSegmentModelProtocol.h */,
			);
			path = SegmentBar;
			sourceTree = "<group>";
		};
		A1E5EF40C13CB28ADF635EC9 /* Pods */ = {
			isa = PBXGroup;
			children = (
				354F6A3AE6C4098B6C798064 /* Pods-HARMAY_PI_BRAND.debug.xcconfig */,
				2A57B0F5FE8BB46D3DD57982 /* Pods-HARMAY_PI_BRAND.release.xcconfig */,
			);
			name = Pods;
			sourceTree = "<group>";
		};
/* End PBXGroup section */

/* Begin PBXNativeTarget section */
		60EF76E91F27931C005E3A6E /* HARMAY_PI_BRAND */ = {
			isa = PBXNativeTarget;
			buildConfigurationList = 60EF77171F27931D005E3A6E /* Build configuration list for PBXNativeTarget "HARMAY_PI_BRAND" */;
			buildPhases = (
				75A738CBB9433AFCDDB797B0 /* [CP] Check Pods Manifest.lock */,
				60EF76E61F27931C005E3A6E /* Sources */,
				60EF76E71F27931C005E3A6E /* Frameworks */,
				60EF76E81F27931C005E3A6E /* Resources */,
				F262301650906AB3279D73A9 /* [CP] Embed Pods Frameworks */,
				11276F7E09DF1A1007C0A75F /* [CP] Copy Pods Resources */,
			);
			buildRules = (
			);
			dependencies = (
			);
			name = HARMAY_PI_BRAND;
			productName = HARMAY_PI_BRAND;
			productReference = 60EF76EA1F27931D005E3A6E /* HARMAY_PI_BRAND.app */;
			productType = "com.apple.product-type.application";
		};
		60EF77021F27931D005E3A6E /* HARMAY_PI_BRANDTests */ = {
			isa = PBXNativeTarget;
			buildConfigurationList = 60EF771A1F27931D005E3A6E /* Build configuration list for PBXNativeTarget "HARMAY_PI_BRANDTests" */;
			buildPhases = (
				60EF76FF1F27931D005E3A6E /* Sources */,
				60EF77001F27931D005E3A6E /* Frameworks */,
				60EF77011F27931D005E3A6E /* Resources */,
			);
			buildRules = (
			);
			dependencies = (
				60EF77051F27931D005E3A6E /* PBXTargetDependency */,
			);
			name = HARMAY_PI_BRANDTests;
			productName = HARMAY_PI_BRANDTests;
			productReference = 60EF77031F27931D005E3A6E /* HARMAY_PI_BRANDTests.xctest */;
			productType = "com.apple.product-type.bundle.unit-test";
		};
		60EF770D1F27931D005E3A6E /* HARMAY_PI_BRANDUITests */ = {
			isa = PBXNativeTarget;
			buildConfigurationList = 60EF771D1F27931D005E3A6E /* Build configuration list for PBXNativeTarget "HARMAY_PI_BRANDUITests" */;
			buildPhases = (
				60EF770A1F27931D005E3A6E /* Sources */,
				60EF770B1F27931D005E3A6E /* Frameworks */,
				60EF770C1F27931D005E3A6E /* Resources */,
			);
			buildRules = (
			);
			dependencies = (
				60EF77101F27931D005E3A6E /* PBXTargetDependency */,
			);
			name = HARMAY_PI_BRANDUITests;
			productName = HARMAY_PI_BRANDUITests;
			productReference = 60EF770E1F27931D005E3A6E /* HARMAY_PI_BRANDUITests.xctest */;
			productType = "com.apple.product-type.bundle.ui-testing";
		};
/* End PBXNativeTarget section */

/* Begin PBXProject section */
		60EF76E21F27931C005E3A6E /* Project object */ = {
			isa = PBXProject;
			attributes = {
				LastUpgradeCheck = 0820;
				ORGANIZATIONNAME = Madodg;
				TargetAttributes = {
					60EF76E91F27931C005E3A6E = {
						CreatedOnToolsVersion = 8.2;
						DevelopmentTeam = UKUF674K5K;
						ProvisioningStyle = Automatic;
					};
					60EF77021F27931D005E3A6E = {
						CreatedOnToolsVersion = 8.2;
						ProvisioningStyle = Automatic;
						TestTargetID = 60EF76E91F27931C005E3A6E;
					};
					60EF770D1F27931D005E3A6E = {
						CreatedOnToolsVersion = 8.2;
						ProvisioningStyle = Automatic;
						TestTargetID = 60EF76E91F27931C005E3A6E;
					};
				};
			};
			buildConfigurationList = 60EF76E51F27931C005E3A6E /* Build configuration list for PBXProject "HARMAY_PI_BRAND" */;
			compatibilityVersion = "Xcode 3.2";
			developmentRegion = English;
			hasScannedForEncodings = 0;
			knownRegions = (
				en,
				Base,
			);
			mainGroup = 60EF76E11F27931C005E3A6E;
			productRefGroup = 60EF76EB1F27931D005E3A6E /* Products */;
			projectDirPath = "";
			projectRoot = "";
			targets = (
				60EF76E91F27931C005E3A6E /* HARMAY_PI_BRAND */,
				60EF77021F27931D005E3A6E /* HARMAY_PI_BRANDTests */,
				60EF770D1F27931D005E3A6E /* HARMAY_PI_BRANDUITests */,
			);
		};
/* End PBXProject section */

/* Begin PBXResourcesBuildPhase section */
		60EF76E81F27931C005E3A6E /* Resources */ = {
			isa = PBXResourcesBuildPhase;
			buildActionMask = 2147483647;
			files = (
				92883DEF1F2AD54D00FCA7BC /* Product3Cell.xib in Resources */,
				2D23548E1F289AED00A93726 /* MenuTableViewCell.xib in Resources */,
				2D599F021F2AF6D900A9EF32 /* CompanyHeaderTableViewCell.xib in Resources */,
				2D2354C01F29D22C00A93726 /* SearchViewController.xib in Resources */,
				92883DE51F2AD52300FCA7BC /* Product1Cell.xib in Resources */,
				2D2354931F289EDA00A93726 /* MenuTableViewCell2.xib in Resources */,
				2D2354A01F29866900A93726 /* JoinusViewController.xib in Resources */,
				60EF76FD1F27931D005E3A6E /* LaunchScreen.storyboard in Resources */,
				927CDED41F29C64300399AA6 /* JoinusViewCellCell.xib in Resources */,
				2D599F071F2AF8CA00A9EF32 /* companyContentTableViewCell.xib in Resources */,
				60C532511F2C702200E4138B /* ActiveViewController.xib in Resources */,
				60EF76FA1F27931D005E3A6E /* Assets.xcassets in Resources */,
				60C5324B1F2C59D600E4138B /* ActiveTableViewCell.xib in Resources */,
				2D2354B11F29C1E300A93726 /* MainTableViewCell.xib in Resources */,
				60EF772C1F279C3F005E3A6E /* MenuViewController.xib in Resources */,
				60EF76F81F27931D005E3A6E /* Main.storyboard in Resources */,
				92883DEA1F2AD53700FCA7BC /* Product2Cell.xib in Resources */,
				2D2354AC1F298ECB00A93726 /* shopViewController.xib in Resources */,
				927CDED91F29DF9F00399AA6 /* JoinusViewCell.xib in Resources */,
				60EF77271F279C2E005E3A6E /* MainViewController.xib in Resources */,
				2D2354C51F29D47E00A93726 /* SearchTableViewCell.xib in Resources */,
			);
			runOnlyForDeploymentPostprocessing = 0;
		};
		60EF77011F27931D005E3A6E /* Resources */ = {
			isa = PBXResourcesBuildPhase;
			buildActionMask = 2147483647;
			files = (
			);
			runOnlyForDeploymentPostprocessing = 0;
		};
		60EF770C1F27931D005E3A6E /* Resources */ = {
			isa = PBXResourcesBuildPhase;
			buildActionMask = 2147483647;
			files = (
			);
			runOnlyForDeploymentPostprocessing = 0;
		};
/* End PBXResourcesBuildPhase section */

/* Begin PBXShellScriptBuildPhase section */
		11276F7E09DF1A1007C0A75F /* [CP] Copy Pods Resources */ = {
			isa = PBXShellScriptBuildPhase;
			buildActionMask = 2147483647;
			files = (
			);
			inputPaths = (
			);
			name = "[CP] Copy Pods Resources";
			outputPaths = (
			);
			runOnlyForDeploymentPostprocessing = 0;
			shellPath = /bin/sh;
			shellScript = "\"${SRCROOT}/Pods/Target Support Files/Pods-HARMAY_PI_BRAND/Pods-HARMAY_PI_BRAND-resources.sh\"\n";
			showEnvVarsInLog = 0;
		};
		75A738CBB9433AFCDDB797B0 /* [CP] Check Pods Manifest.lock */ = {
			isa = PBXShellScriptBuildPhase;
			buildActionMask = 2147483647;
			files = (
			);
			inputPaths = (
			);
			name = "[CP] Check Pods Manifest.lock";
			outputPaths = (
			);
			runOnlyForDeploymentPostprocessing = 0;
			shellPath = /bin/sh;
			shellScript = "diff \"${PODS_ROOT}/../Podfile.lock\" \"${PODS_ROOT}/Manifest.lock\" > /dev/null\nif [ $? != 0 ] ; then\n    # print error to STDERR\n    echo \"error: The sandbox is not in sync with the Podfile.lock. Run 'pod install' or update your CocoaPods installation.\" >&2\n    exit 1\nfi\n";
			showEnvVarsInLog = 0;
		};
		F262301650906AB3279D73A9 /* [CP] Embed Pods Frameworks */ = {
			isa = PBXShellScriptBuildPhase;
			buildActionMask = 2147483647;
			files = (
			);
			inputPaths = (
			);
			name = "[CP] Embed Pods Frameworks";
			outputPaths = (
			);
			runOnlyForDeploymentPostprocessing = 0;
			shellPath = /bin/sh;
			shellScript = "\"${SRCROOT}/Pods/Target Support Files/Pods-HARMAY_PI_BRAND/Pods-HARMAY_PI_BRAND-frameworks.sh\"\n";
			showEnvVarsInLog = 0;
		};
/* End PBXShellScriptBuildPhase section */

/* Begin PBXSourcesBuildPhase section */
		60EF76E61F27931C005E3A6E /* Sources */ = {
			isa = PBXSourcesBuildPhase;
			buildActionMask = 2147483647;
			files = (
				60EF76F51F27931D005E3A6E /* ViewController.m in Sources */,
				6032170A1F28ED97002FD61C /* ChildViewController.m in Sources */,
				2D2354A31F29867700A93726 /* ProductViewController.m in Sources */,
				2D23549A1F29865800A93726 /* CompanyViewController.m in Sources */,
				6078A5821F2C922F005FFCF6 /* ShareView.m in Sources */,
				60EF77361F279D77005E3A6E /* BaseViewController.m in Sources */,
				60EF77411F28E340005E3A6E /* WebViewController.m in Sources */,
				2D2354BF1F29D22C00A93726 /* SearchViewController.m in Sources */,
				92883DCE1F2AC2C000FCA7BC /* XLConst.m in Sources */,
				2D2354AB1F298ECB00A93726 /* shopViewController.m in Sources */,
				60C532501F2C702200E4138B /* ActiveViewController.m in Sources */,
				2D599EEE1F2AC9D800A9EF32 /* NSString+extension.m in Sources */,
				2D23549F1F29866900A93726 /* JoinusViewController.m in Sources */,
				2D599EF81F2AF32E00A9EF32 /* companyHeaderModel.m in Sources */,
				2D2354C41F29D47E00A93726 /* SearchTableViewCell.m in Sources */,
				60EF77351F279D77005E3A6E /* BaseTabBarController.m in Sources */,
				60EF76F21F27931D005E3A6E /* AppDelegate.m in Sources */,
				92883DDA1F2AC3E700FCA7BC /* Product1TableViewController.m in Sources */,
				60EF77341F279D77005E3A6E /* BaseNavigationController.m in Sources */,
				60EF76EF1F27931D005E3A6E /* main.m in Sources */,
				92883DE91F2AD53700FCA7BC /* Product2Cell.m in Sources */,
				2D599EED1F2AC9D800A9EF32 /* NSDictionary+extension.m in Sources */,
				2D599F011F2AF6D900A9EF32 /* CompanyHeaderTableViewCell.m in Sources */,
				2D599EEC1F2AC9D800A9EF32 /* NSDate+extension.m in Sources */,
				60AD8BCE1F2CE6E2002644E7 /* HUDView.m in Sources */,
				2D2354B01F29C1E300A93726 /* MainTableViewCell.m in Sources */,
				2D599F0B1F2B02CB00A9EF32 /* joinMainModel.m in Sources */,
				92883DF51F2B338D00FCA7BC /* SubCompanyViewController2.m in Sources */,
				2D599EEA1F2AC9D800A9EF32 /* NSArray+extension.m in Sources */,
				2D599F0E1F2B05DC00A9EF32 /* joinSubModel.m in Sources */,
				60EF77261F279C2E005E3A6E /* MainViewController.m in Sources */,
				2D599EF11F2AC9D800A9EF32 /* UILabel+extension.m in Sources */,
				2D23548D1F289AED00A93726 /* MenuTableViewCell.m in Sources */,
				92883DE01F2AC3FA00FCA7BC /* Product3TableViewController.m in Sources */,
				92883DE41F2AD52300FCA7BC /* Product1Cell.m in Sources */,
				92883DCD1F2AC2C000FCA7BC /* XLSegmentBar.m in Sources */,
				92883DDD1F2AC3F300FCA7BC /* Product2TableViewController.m in Sources */,
				92883DCF1F2AC2C000FCA7BC /* XLScrollView.m in Sources */,
				927CDED31F29C64300399AA6 /* JoinusViewCellCell.m in Sources */,
				92883DD21F2AC3A200FCA7BC /* UIViewController+XLScroll.m in Sources */,
				2D599F121F2B14F200A9EF32 /* searchModel.m in Sources */,
				927CDED81F29DF9F00399AA6 /* JoinusViewCell.m in Sources */,
				603217061F28E9B1002FD61C /* UIView+ViewController.m in Sources */,
				92883DCC1F2AC2C000FCA7BC /* NSString+XLSegmentModelPrtol.m in Sources */,
				60AD8BCB1F2CC57C002644E7 /* PickerView.m in Sources */,
				2D2354CD1F29E9F300A93726 /* mainModle.m in Sources */,
				2D599EEB1F2AC9D800A9EF32 /* NSData+extension.m in Sources */,
				60EF772B1F279C3F005E3A6E /* MenuViewController.m in Sources */,
				2D599F151F2B4D5B00A9EF32 /* subModel2.m in Sources */,
				92883DEE1F2AD54D00FCA7BC /* Product3Cell.m in Sources */,
				2D2354C91F29DA9A00A93726 /* HTTPRequest.m in Sources */,
				2D599EF51F2AEA3C00A9EF32 /* companyContentModel.m in Sources */,
				92883DF21F2B337500FCA7BC /* SubCompanyViewController1.m in Sources */,
				2D2354921F289EDA00A93726 /* MenuTableViewCell2.m in Sources */,
				2D599F061F2AF8CA00A9EF32 /* companyContentTableViewCell.m in Sources */,
				60C5324A1F2C59D600E4138B /* ActiveTableViewCell.m in Sources */,
				2D599EEF1F2AC9D800A9EF32 /* UIButton+extension.m in Sources */,
				2D599EF01F2AC9D800A9EF32 /* UIImage+extension.m in Sources */,
			);
			runOnlyForDeploymentPostprocessing = 0;
		};
		60EF76FF1F27931D005E3A6E /* Sources */ = {
			isa = PBXSourcesBuildPhase;
			buildActionMask = 2147483647;
			files = (
				60EF77081F27931D005E3A6E /* HARMAY_PI_BRANDTests.m in Sources */,
			);
			runOnlyForDeploymentPostprocessing = 0;
		};
		60EF770A1F27931D005E3A6E /* Sources */ = {
			isa = PBXSourcesBuildPhase;
			buildActionMask = 2147483647;
			files = (
				60EF77131F27931D005E3A6E /* HARMAY_PI_BRANDUITests.m in Sources */,
			);
			runOnlyForDeploymentPostprocessing = 0;
		};
/* End PBXSourcesBuildPhase section */

/* Begin PBXTargetDependency section */
		60EF77051F27931D005E3A6E /* PBXTargetDependency */ = {
			isa = PBXTargetDependency;
			target = 60EF76E91F27931C005E3A6E /* HARMAY_PI_BRAND */;
			targetProxy = 60EF77041F27931D005E3A6E /* PBXContainerItemProxy */;
		};
		60EF77101F27931D005E3A6E /* PBXTargetDependency */ = {
			isa = PBXTargetDependency;
			target = 60EF76E91F27931C005E3A6E /* HARMAY_PI_BRAND */;
			targetProxy = 60EF770F1F27931D005E3A6E /* PBXContainerItemProxy */;
		};
/* End PBXTargetDependency section */

/* Begin PBXVariantGroup section */
		60EF76F61F27931D005E3A6E /* Main.storyboard */ = {
			isa = PBXVariantGroup;
			children = (
				60EF76F71F27931D005E3A6E /* Base */,
			);
			name = Main.storyboard;
			sourceTree = "<group>";
		};
		60EF76FB1F27931D005E3A6E /* LaunchScreen.storyboard */ = {
			isa = PBXVariantGroup;
			children = (
				60EF76FC1F27931D005E3A6E /* Base */,
			);
			name = LaunchScreen.storyboard;
			sourceTree = "<group>";
		};
/* End PBXVariantGroup section */

/* Begin XCBuildConfiguration section */
		60EF77151F27931D005E3A6E /* Debug */ = {
			isa = XCBuildConfiguration;
			buildSettings = {
				ALWAYS_SEARCH_USER_PATHS = NO;
				CLANG_ANALYZER_NONNULL = YES;
				CLANG_CXX_LANGUAGE_STANDARD = "gnu++0x";
				CLANG_CXX_LIBRARY = "libc++";
				CLANG_ENABLE_MODULES = YES;
				CLANG_ENABLE_OBJC_ARC = YES;
				CLANG_WARN_BOOL_CONVERSION = YES;
				CLANG_WARN_CONSTANT_CONVERSION = YES;
				CLANG_WARN_DIRECT_OBJC_ISA_USAGE = YES_ERROR;
				CLANG_WARN_DOCUMENTATION_COMMENTS = YES;
				CLANG_WARN_EMPTY_BODY = YES;
				CLANG_WARN_ENUM_CONVERSION = YES;
				CLANG_WARN_INFINITE_RECURSION = YES;
				CLANG_WARN_INT_CONVERSION = YES;
				CLANG_WARN_OBJC_ROOT_CLASS = YES_ERROR;
				CLANG_WARN_SUSPICIOUS_MOVE = YES;
				CLANG_WARN_UNREACHABLE_CODE = YES;
				CLANG_WARN__DUPLICATE_METHOD_MATCH = YES;
				"CODE_SIGN_IDENTITY[sdk=iphoneos*]" = "iPhone Developer";
				COPY_PHASE_STRIP = NO;
				DEBUG_INFORMATION_FORMAT = dwarf;
				ENABLE_STRICT_OBJC_MSGSEND = YES;
				ENABLE_TESTABILITY = YES;
				GCC_C_LANGUAGE_STANDARD = gnu99;
				GCC_DYNAMIC_NO_PIC = NO;
				GCC_NO_COMMON_BLOCKS = YES;
				GCC_OPTIMIZATION_LEVEL = 0;
				GCC_PREPROCESSOR_DEFINITIONS = (
					"DEBUG=1",
					"$(inherited)",
				);
				GCC_WARN_64_TO_32_BIT_CONVERSION = YES;
				GCC_WARN_ABOUT_RETURN_TYPE = YES_ERROR;
				GCC_WARN_UNDECLARED_SELECTOR = YES;
				GCC_WARN_UNINITIALIZED_AUTOS = YES_AGGRESSIVE;
				GCC_WARN_UNUSED_FUNCTION = YES;
				GCC_WARN_UNUSED_VARIABLE = YES;
				IPHONEOS_DEPLOYMENT_TARGET = 10.2;
				MTL_ENABLE_DEBUG_INFO = YES;
				ONLY_ACTIVE_ARCH = YES;
				SDKROOT = iphoneos;
			};
			name = Debug;
		};
		60EF77161F27931D005E3A6E /* Release */ = {
			isa = XCBuildConfiguration;
			buildSettings = {
				ALWAYS_SEARCH_USER_PATHS = NO;
				CLANG_ANALYZER_NONNULL = YES;
				CLANG_CXX_LANGUAGE_STANDARD = "gnu++0x";
				CLANG_CXX_LIBRARY = "libc++";
				CLANG_ENABLE_MODULES = YES;
				CLANG_ENABLE_OBJC_ARC = YES;
				CLANG_WARN_BOOL_CONVERSION = YES;
				CLANG_WARN_CONSTANT_CONVERSION = YES;
				CLANG_WARN_DIRECT_OBJC_ISA_USAGE = YES_ERROR;
				CLANG_WARN_DOCUMENTATION_COMMENTS = YES;
				CLANG_WARN_EMPTY_BODY = YES;
				CLANG_WARN_ENUM_CONVERSION = YES;
				CLANG_WARN_INFINITE_RECURSION = YES;
				CLANG_WARN_INT_CONVERSION = YES;
				CLANG_WARN_OBJC_ROOT_CLASS = YES_ERROR;
				CLANG_WARN_SUSPICIOUS_MOVE = YES;
				CLANG_WARN_UNREACHABLE_CODE = YES;
				CLANG_WARN__DUPLICATE_METHOD_MATCH = YES;
				"CODE_SIGN_IDENTITY[sdk=iphoneos*]" = "iPhone Developer";
				COPY_PHASE_STRIP = NO;
				DEBUG_INFORMATION_FORMAT = "dwarf-with-dsym";
				ENABLE_NS_ASSERTIONS = NO;
				ENABLE_STRICT_OBJC_MSGSEND = YES;
				GCC_C_LANGUAGE_STANDARD = gnu99;
				GCC_NO_COMMON_BLOCKS = YES;
				GCC_WARN_64_TO_32_BIT_CONVERSION = YES;
				GCC_WARN_ABOUT_RETURN_TYPE = YES_ERROR;
				GCC_WARN_UNDECLARED_SELECTOR = YES;
				GCC_WARN_UNINITIALIZED_AUTOS = YES_AGGRESSIVE;
				GCC_WARN_UNUSED_FUNCTION = YES;
				GCC_WARN_UNUSED_VARIABLE = YES;
				IPHONEOS_DEPLOYMENT_TARGET = 10.2;
				MTL_ENABLE_DEBUG_INFO = NO;
				SDKROOT = iphoneos;
				VALIDATE_PRODUCT = YES;
			};
			name = Release;
		};
		60EF77181F27931D005E3A6E /* Debug */ = {
			isa = XCBuildConfiguration;
			baseConfigurationReference = 354F6A3AE6C4098B6C798064 /* Pods-HARMAY_PI_BRAND.debug.xcconfig */;
			buildSettings = {
				ASSETCATALOG_COMPILER_APPICON_NAME = AppIcon;
				DEVELOPMENT_TEAM = UKUF674K5K;
				GCC_PREFIX_HEADER = "$(SRCROOT)/HARMAY_PI_BRAND/PrefixHeader.pch";
				INFOPLIST_FILE = HARMAY_PI_BRAND/Info.plist;
				IPHONEOS_DEPLOYMENT_TARGET = 8.0;
				LD_RUNPATH_SEARCH_PATHS = "$(inherited) @executable_path/Frameworks";
				PRODUCT_BUNDLE_IDENTIFIER = com.amed.Hospital;
				PRODUCT_NAME = "$(TARGET_NAME)";
			};
			name = Debug;
		};
		60EF77191F27931D005E3A6E /* Release */ = {
			isa = XCBuildConfiguration;
			baseConfigurationReference = 2A57B0F5FE8BB46D3DD57982 /* Pods-HARMAY_PI_BRAND.release.xcconfig */;
			buildSettings = {
				ASSETCATALOG_COMPILER_APPICON_NAME = AppIcon;
				DEVELOPMENT_TEAM = UKUF674K5K;
				GCC_PREFIX_HEADER = "$(SRCROOT)/HARMAY_PI_BRAND/PrefixHeader.pch";
				INFOPLIST_FILE = HARMAY_PI_BRAND/Info.plist;
				IPHONEOS_DEPLOYMENT_TARGET = 8.0;
				LD_RUNPATH_SEARCH_PATHS = "$(inherited) @executable_path/Frameworks";
				PRODUCT_BUNDLE_IDENTIFIER = com.amed.Hospital;
				PRODUCT_NAME = "$(TARGET_NAME)";
			};
			name = Release;
		};
		60EF771B1F27931D005E3A6E /* Debug */ = {
			isa = XCBuildConfiguration;
			buildSettings = {
				BUNDLE_LOADER = "$(TEST_HOST)";
				INFOPLIST_FILE = HARMAY_PI_BRANDTests/Info.plist;
				LD_RUNPATH_SEARCH_PATHS = "$(inherited) @executable_path/Frameworks @loader_path/Frameworks";
				PRODUCT_BUNDLE_IDENTIFIER = "pi-brand.HARMAY-PI-BRANDTests";
				PRODUCT_NAME = "$(TARGET_NAME)";
				TEST_HOST = "$(BUILT_PRODUCTS_DIR)/HARMAY_PI_BRAND.app/HARMAY_PI_BRAND";
			};
			name = Debug;
		};
		60EF771C1F27931D005E3A6E /* Release */ = {
			isa = XCBuildConfiguration;
			buildSettings = {
				BUNDLE_LOADER = "$(TEST_HOST)";
				INFOPLIST_FILE = HARMAY_PI_BRANDTests/Info.plist;
				LD_RUNPATH_SEARCH_PATHS = "$(inherited) @executable_path/Frameworks @loader_path/Frameworks";
				PRODUCT_BUNDLE_IDENTIFIER = "pi-brand.HARMAY-PI-BRANDTests";
				PRODUCT_NAME = "$(TARGET_NAME)";
				TEST_HOST = "$(BUILT_PRODUCTS_DIR)/HARMAY_PI_BRAND.app/HARMAY_PI_BRAND";
			};
			name = Release;
		};
		60EF771E1F27931D005E3A6E /* Debug */ = {
			isa = XCBuildConfiguration;
			buildSettings = {
				INFOPLIST_FILE = HARMAY_PI_BRANDUITests/Info.plist;
				LD_RUNPATH_SEARCH_PATHS = "$(inherited) @executable_path/Frameworks @loader_path/Frameworks";
				PRODUCT_BUNDLE_IDENTIFIER = "pi-brand.HARMAY-PI-BRANDUITests";
				PRODUCT_NAME = "$(TARGET_NAME)";
				TEST_TARGET_NAME = HARMAY_PI_BRAND;
			};
			name = Debug;
		};
		60EF771F1F27931D005E3A6E /* Release */ = {
			isa = XCBuildConfiguration;
			buildSettings = {
				INFOPLIST_FILE = HARMAY_PI_BRANDUITests/Info.plist;
				LD_RUNPATH_SEARCH_PATHS = "$(inherited) @executable_path/Frameworks @loader_path/Frameworks";
				PRODUCT_BUNDLE_IDENTIFIER = "pi-brand.HARMAY-PI-BRANDUITests";
				PRODUCT_NAME = "$(TARGET_NAME)";
				TEST_TARGET_NAME = HARMAY_PI_BRAND;
			};
			name = Release;
		};
/* End XCBuildConfiguration section */

/* Begin XCConfigurationList section */
		60EF76E51F27931C005E3A6E /* Build configuration list for PBXProject "HARMAY_PI_BRAND" */ = {
			isa = XCConfigurationList;
			buildConfigurations = (
				60EF77151F27931D005E3A6E /* Debug */,
				60EF77161F27931D005E3A6E /* Release */,
			);
			defaultConfigurationIsVisible = 0;
			defaultConfigurationName = Release;
		};
		60EF77171F27931D005E3A6E /* Build configuration list for PBXNativeTarget "HARMAY_PI_BRAND" */ = {
			isa = XCConfigurationList;
			buildConfigurations = (
				60EF77181F27931D005E3A6E /* Debug */,
				60EF77191F27931D005E3A6E /* Release */,
			);
			defaultConfigurationIsVisible = 0;
			defaultConfigurationName = Release;
		};
		60EF771A1F27931D005E3A6E /* Build configuration list for PBXNativeTarget "HARMAY_PI_BRANDTests" */ = {
			isa = XCConfigurationList;
			buildConfigurations = (
				60EF771B1F27931D005E3A6E /* Debug */,
				60EF771C1F27931D005E3A6E /* Release */,
			);
			defaultConfigurationIsVisible = 0;
			defaultConfigurationName = Release;
		};
		60EF771D1F27931D005E3A6E /* Build configuration list for PBXNativeTarget "HARMAY_PI_BRANDUITests" */ = {
			isa = XCConfigurationList;
			buildConfigurations = (
				60EF771E1F27931D005E3A6E /* Debug */,
				60EF771F1F27931D005E3A6E /* Release */,
			);
			defaultConfigurationIsVisible = 0;
			defaultConfigurationName = Release;
		};
/* End XCConfigurationList section */
	};
	rootObject = 60EF76E21F27931C005E3A6E /* Project object */;
}
